PODS:
  - AffdexSDK-iOS (4.0.1):
    - AWSKinesis
  - AWSCore (2.6.6)
  - AWSKinesis (2.6.6):
    - AWSCore (= 2.6.6)
  - GoogleMaps (2.5.0):
    - GoogleMaps/Maps (= 2.5.0)
  - GoogleMaps/Base (2.5.0)
  - GoogleMaps/Maps (2.5.0):
    - GoogleMaps/Base
  - GooglePlaces (2.5.0):
    - GoogleMaps/Base (= 2.5.0)
  - LSFloatingActionMenu (1.0.0)
  - MGCollapsingHeader (1.0.6)
  - MKDropdownMenu (1.4)
  - Unirest (1.1.4)

DEPENDENCIES:
  - AffdexSDK-iOS
  - GoogleMaps
  - GooglePlaces
  - LSFloatingActionMenu
  - MGCollapsingHeader
  - MKDropdownMenu
  - Unirest (~> 1.1.4)

SPEC REPOS:
  https://github.com/cocoapods/specs.git:
    - AffdexSDK-iOS
    - AWSCore
    - AWSKinesis
    - GoogleMaps
    - GooglePlaces
    - LSFloatingActionMenu
    - MGCollapsingHeader
    - MKDropdownMenu
    - Unirest

SPEC CHECKSUMS:
  AffdexSDK-iOS: 46f04df6a0259957190f3a592ccd0b33367b3d66
  AWSCore: 64619e45b47678afab53ca0f9b4fa380ebee6f0b
  AWSKinesis: b638cef07832fd966fe18d9bb9488dea0ffa70dd
  GoogleMaps: c087b8e5dfe87ca6ebf59adb9b4894a4146bec4f
  GooglePlaces: dd70d9d71ea1c7944846afe67de3712c99b30a77
  LSFloatingActionMenu: dc2d6449e817cb2eb3c3a9a751bd49c3aae416b2
  MGCollapsingHeader: 82a52988e0dcdd32558e883ae4df4c9c1a1674b1
  MKDropdownMenu: 269df4a41d21a1db684ce8bc709befe419fc5bae
  Unirest: 5e4d93eaf32463bf619a4ecd3bbc8c32acf21eac

PODFILE CHECKSUM: 9a26ce3c4d67866e59499de0d84f5d734a599f62

COCOAPODS: 1.5.3
