// !$*UTF8*$!
{
	archiveVersion = 1;
	classes = {
	};
	objectVersion = 50;
	objects = {

/* Begin PBXBuildFile section */
		4AA356E6E3C056B9D7BC2175 /* libPods-Korte.a in Frameworks */ = {isa = PBXBuildFile; fileRef = FC948564BF5250A0D997D8C5 /* libPods-Korte.a */; };
		CE18E2B4212AE081004CACDB /* MatchesViewController.m in Sources */ = {isa = PBXBuildFile; fileRef = CE18E2B3212AE081004CACDB /* MatchesViewController.m */; };
		CE18E2BA212B5A37004CACDB /* SearchTableViewCell.m in Sources */ = {isa = PBXBuildFile; fileRef = CE18E2B9212B5A37004CACDB /* SearchTableViewCell.m */; };
		CE1CCF55211AFFB800AD8701 /* BasicMenuController.m in Sources */ = {isa = PBXBuildFile; fileRef = CE1CCF54211AFFB800AD8701 /* BasicMenuController.m */; };
		CE1FC6D0212EF0820094C0E9 /* FriendsTableViewCell.m in Sources */ = {isa = PBXBuildFile; fileRef = CE1FC6CF212EF0820094C0E9 /* FriendsTableViewCell.m */; };
		CE1FC6DA212F28B50094C0E9 /* MeTableViewCell.m in Sources */ = {isa = PBXBuildFile; fileRef = CE1FC6D6212F28B50094C0E9 /* MeTableViewCell.m */; };
		CE1FC6DB212F28B50094C0E9 /* GettingForMeSwiping.storyboard in Resources */ = {isa = PBXBuildFile; fileRef = CE1FC6D7212F28B50094C0E9 /* GettingForMeSwiping.storyboard */; };
		CE1FC6DC212F28B50094C0E9 /* GettingForMeSwipingViewController.m in Sources */ = {isa = PBXBuildFile; fileRef = CE1FC6D9212F28B50094C0E9 /* GettingForMeSwipingViewController.m */; };
		CE27DE76211A2FCB00F5B1C2 /* data in Resources */ = {isa = PBXBuildFile; fileRef = CE27DE75211A2FCA00F5B1C2 /* data */; };
		CE3BCEEC21168CEB00706FD1 /* Profile.storyboard in Resources */ = {isa = PBXBuildFile; fileRef = CE3BCEEB21168CEB00706FD1 /* Profile.storyboard */; };
		CE3BCEF221169B6A00706FD1 /* ProfileViewController.m in Sources */ = {isa = PBXBuildFile; fileRef = CE3BCEF121169B6A00706FD1 /* ProfileViewController.m */; };
		CE3D2BD0211C7C5F005DE85C /* AddingViewController.m in Sources */ = {isa = PBXBuildFile; fileRef = CE3D2BCF211C7C5F005DE85C /* AddingViewController.m */; };
		CE4DF72E21243C1900C6E9F7 /* AddingFriendViewController.m in Sources */ = {isa = PBXBuildFile; fileRef = CE4DF72B21243C1900C6E9F7 /* AddingFriendViewController.m */; };
		CE4DF72F21243C1900C6E9F7 /* OnCard.m in Sources */ = {isa = PBXBuildFile; fileRef = CE4DF72D21243C1900C6E9F7 /* OnCard.m */; };
		CE4DF73D21246DC200C6E9F7 /* Location.storyboard in Resources */ = {isa = PBXBuildFile; fileRef = CE4DF73A21246DC200C6E9F7 /* Location.storyboard */; };
		CE4DF73E21246DC200C6E9F7 /* LocationViewController.m in Sources */ = {isa = PBXBuildFile; fileRef = CE4DF73C21246DC200C6E9F7 /* LocationViewController.m */; };
		CE4DF74221246F7100C6E9F7 /* FriendConnectViewController.m in Sources */ = {isa = PBXBuildFile; fileRef = CE4DF74121246F7100C6E9F7 /* FriendConnectViewController.m */; };
		CE4DF74621247B8900C6E9F7 /* WireframeViewController.m in Sources */ = {isa = PBXBuildFile; fileRef = CE4DF74521247B8900C6E9F7 /* WireframeViewController.m */; };
		CE603A48211DA4C4006E95F3 /* MXCardsSwipingView.m in Sources */ = {isa = PBXBuildFile; fileRef = CE603A46211DA4C4006E95F3 /* MXCardsSwipingView.m */; };
		CE6A2B70212C5BD400766A39 /* GettingForFriendSwipingViewController.m in Sources */ = {isa = PBXBuildFile; fileRef = CE6A2B6F212C5BD400766A39 /* GettingForFriendSwipingViewController.m */; };
		CE6A2B72212C5BF300766A39 /* GettingForFriendSwiping.storyboard in Resources */ = {isa = PBXBuildFile; fileRef = CE6A2B71212C5BF300766A39 /* GettingForFriendSwiping.storyboard */; };
		CE900CB421251E8B00503AF3 /* AddingFriend.storyboard in Resources */ = {isa = PBXBuildFile; fileRef = CE900CB321251E8B00503AF3 /* AddingFriend.storyboard */; };
		CEB28729211388A900C51670 /* AppDelegate.m in Sources */ = {isa = PBXBuildFile; fileRef = CEB28728211388A900C51670 /* AppDelegate.m */; };
		CEB28732211388A900C51670 /* simple.xcdatamodeld in Sources */ = {isa = PBXBuildFile; fileRef = CEB28730211388A900C51670 /* simple.xcdatamodeld */; };
		CEB28734211388BA00C51670 /* Assets.xcassets in Resources */ = {isa = PBXBuildFile; fileRef = CEB28733211388BA00C51670 /* Assets.xcassets */; };
		CEB2873A211388BA00C51670 /* main.m in Sources */ = {isa = PBXBuildFile; fileRef = CEB28739211388BA00C51670 /* main.m */; };
		CEB28746211391FD00C51670 /* MXViewController.m in Sources */ = {isa = PBXBuildFile; fileRef = CEB28744211391FC00C51670 /* MXViewController.m */; };
		CEB287492113925A00C51670 /* MXMemberCardView.m in Sources */ = {isa = PBXBuildFile; fileRef = CEB287472113925A00C51670 /* MXMemberCardView.m */; };
		CEB287652113F50E00C51670 /* SplashViewController.m in Sources */ = {isa = PBXBuildFile; fileRef = CEB287642113F50E00C51670 /* SplashViewController.m */; };
		CEB287692113F6DD00C51670 /* Splash.storyboard in Resources */ = {isa = PBXBuildFile; fileRef = CEB287682113F6DC00C51670 /* Splash.storyboard */; };
		CEB2876F211432C700C51670 /* LaunchScreen.storyboard in Resources */ = {isa = PBXBuildFile; fileRef = CEB2876D211432C700C51670 /* LaunchScreen.storyboard */; };
		CEB6FC9121214488003A7E69 /* AddConnectViewController.m in Sources */ = {isa = PBXBuildFile; fileRef = CEB6FC9021214488003A7E69 /* AddConnectViewController.m */; };
		CEB6FC932121A0D5003A7E69 /* AddConnectScreen.storyboard in Resources */ = {isa = PBXBuildFile; fileRef = CEB6FC922121A0D5003A7E69 /* AddConnectScreen.storyboard */; };
		CEDF2A5A212A90FD0046D01E /* Matches.storyboard in Resources */ = {isa = PBXBuildFile; fileRef = CEDF2A59212A90FD0046D01E /* Matches.storyboard */; };
/* End PBXBuildFile section */

/* Begin PBXFileReference section */
		0ABF510862DA2D2117C0BAC0 /* Pods-Korte.release.xcconfig */ = {isa = PBXFileReference; includeInIndex = 1; lastKnownFileType = text.xcconfig; name = "Pods-Korte.release.xcconfig"; path = "Pods/Target Support Files/Pods-Korte/Pods-Korte.release.xcconfig"; sourceTree = "<group>"; };
		A84CCF3D273BAACCEC0F3DEE /* Pods-Korte.debug.xcconfig */ = {isa = PBXFileReference; includeInIndex = 1; lastKnownFileType = text.xcconfig; name = "Pods-Korte.debug.xcconfig"; path = "Pods/Target Support Files/Pods-Korte/Pods-Korte.debug.xcconfig"; sourceTree = "<group>"; };
		CE18E2B2212AE081004CACDB /* MatchesViewController.h */ = {isa = PBXFileReference; lastKnownFileType = sourcecode.c.h; path = MatchesViewController.h; sourceTree = "<group>"; };
		CE18E2B3212AE081004CACDB /* MatchesViewController.m */ = {isa = PBXFileReference; lastKnownFileType = sourcecode.c.objc; path = MatchesViewController.m; sourceTree = "<group>"; };
		CE18E2B8212B5A37004CACDB /* SearchTableViewCell.h */ = {isa = PBXFileReference; lastKnownFileType = sourcecode.c.h; path = SearchTableViewCell.h; sourceTree = "<group>"; };
		CE18E2B9212B5A37004CACDB /* SearchTableViewCell.m */ = {isa = PBXFileReference; lastKnownFileType = sourcecode.c.objc; path = SearchTableViewCell.m; sourceTree = "<group>"; };
		CE1CCF53211AFFB800AD8701 /* BasicMenuController.h */ = {isa = PBXFileReference; lastKnownFileType = sourcecode.c.h; path = BasicMenuController.h; sourceTree = "<group>"; };
		CE1CCF54211AFFB800AD8701 /* BasicMenuController.m */ = {isa = PBXFileReference; lastKnownFileType = sourcecode.c.objc; path = BasicMenuController.m; sourceTree = "<group>"; };
		CE1FC6CE212EF0820094C0E9 /* FriendsTableViewCell.h */ = {isa = PBXFileReference; lastKnownFileType = sourcecode.c.h; path = FriendsTableViewCell.h; sourceTree = "<group>"; };
		CE1FC6CF212EF0820094C0E9 /* FriendsTableViewCell.m */ = {isa = PBXFileReference; lastKnownFileType = sourcecode.c.objc; path = FriendsTableViewCell.m; sourceTree = "<group>"; };
		CE1FC6D5212F28B50094C0E9 /* MeTableViewCell.h */ = {isa = PBXFileReference; fileEncoding = 4; lastKnownFileType = sourcecode.c.h; path = MeTableViewCell.h; sourceTree = "<group>"; };
		CE1FC6D6212F28B50094C0E9 /* MeTableViewCell.m */ = {isa = PBXFileReference; fileEncoding = 4; lastKnownFileType = sourcecode.c.objc; path = MeTableViewCell.m; sourceTree = "<group>"; };
		CE1FC6D7212F28B50094C0E9 /* GettingForMeSwiping.storyboard */ = {isa = PBXFileReference; fileEncoding = 4; lastKnownFileType = file.storyboard; path = GettingForMeSwiping.storyboard; sourceTree = "<group>"; };
		CE1FC6D8212F28B50094C0E9 /* GettingForMeSwipingViewController.h */ = {isa = PBXFileReference; fileEncoding = 4; lastKnownFileType = sourcecode.c.h; path = GettingForMeSwipingViewController.h; sourceTree = "<group>"; };
		CE1FC6D9212F28B50094C0E9 /* GettingForMeSwipingViewController.m */ = {isa = PBXFileReference; fileEncoding = 4; lastKnownFileType = sourcecode.c.objc; path = GettingForMeSwipingViewController.m; sourceTree = "<group>"; };
		CE27DE75211A2FCA00F5B1C2 /* data */ = {isa = PBXFileReference; lastKnownFileType = folder; name = data; path = simple/data; sourceTree = SOURCE_ROOT; };
		CE3BCEEB21168CEB00706FD1 /* Profile.storyboard */ = {isa = PBXFileReference; lastKnownFileType = file.storyboard; path = Profile.storyboard; sourceTree = "<group>"; };
		CE3BCEF021169B6A00706FD1 /* ProfileViewController.h */ = {isa = PBXFileReference; lastKnownFileType = sourcecode.c.h; path = ProfileViewController.h; sourceTree = "<group>"; };
		CE3BCEF121169B6A00706FD1 /* ProfileViewController.m */ = {isa = PBXFileReference; lastKnownFileType = sourcecode.c.objc; path = ProfileViewController.m; sourceTree = "<group>"; };
		CE3D2BCE211C7C5F005DE85C /* AddingViewController.h */ = {isa = PBXFileReference; lastKnownFileType = sourcecode.c.h; path = AddingViewController.h; sourceTree = "<group>"; };
		CE3D2BCF211C7C5F005DE85C /* AddingViewController.m */ = {isa = PBXFileReference; lastKnownFileType = sourcecode.c.objc; path = AddingViewController.m; sourceTree = "<group>"; };
		CE3D333D2118F54400FE970D /* Utilities.h */ = {isa = PBXFileReference; lastKnownFileType = sourcecode.c.h; path = Utilities.h; sourceTree = "<group>"; };
		CE4DF72A21243C1800C6E9F7 /* AddingFriendViewController.h */ = {isa = PBXFileReference; fileEncoding = 4; lastKnownFileType = sourcecode.c.h; path = AddingFriendViewController.h; sourceTree = "<group>"; };
		CE4DF72B21243C1900C6E9F7 /* AddingFriendViewController.m */ = {isa = PBXFileReference; fileEncoding = 4; lastKnownFileType = sourcecode.c.objc; path = AddingFriendViewController.m; sourceTree = "<group>"; };
		CE4DF72C21243C1900C6E9F7 /* OnCard.h */ = {isa = PBXFileReference; fileEncoding = 4; lastKnownFileType = sourcecode.c.h; path = OnCard.h; sourceTree = "<group>"; };
		CE4DF72D21243C1900C6E9F7 /* OnCard.m */ = {isa = PBXFileReference; fileEncoding = 4; lastKnownFileType = sourcecode.c.objc; path = OnCard.m; sourceTree = "<group>"; };
		CE4DF73A21246DC200C6E9F7 /* Location.storyboard */ = {isa = PBXFileReference; fileEncoding = 4; lastKnownFileType = file.storyboard; name = Location.storyboard; path = simple/LocationModule/View/Location.storyboard; sourceTree = SOURCE_ROOT; };
		CE4DF73B21246DC200C6E9F7 /* LocationViewController.h */ = {isa = PBXFileReference; fileEncoding = 4; lastKnownFileType = sourcecode.c.h; name = LocationViewController.h; path = simple/LocationModule/View/LocationViewController.h; sourceTree = SOURCE_ROOT; };
		CE4DF73C21246DC200C6E9F7 /* LocationViewController.m */ = {isa = PBXFileReference; fileEncoding = 4; lastKnownFileType = sourcecode.c.objc; name = LocationViewController.m; path = simple/LocationModule/View/LocationViewController.m; sourceTree = SOURCE_ROOT; };
		CE4DF74021246F7100C6E9F7 /* FriendConnectViewController.h */ = {isa = PBXFileReference; fileEncoding = 4; lastKnownFileType = sourcecode.c.h; path = FriendConnectViewController.h; sourceTree = "<group>"; };
		CE4DF74121246F7100C6E9F7 /* FriendConnectViewController.m */ = {isa = PBXFileReference; fileEncoding = 4; lastKnownFileType = sourcecode.c.objc; path = FriendConnectViewController.m; sourceTree = "<group>"; };
		CE4DF74421247B8900C6E9F7 /* WireframeViewController.h */ = {isa = PBXFileReference; lastKnownFileType = sourcecode.c.h; path = WireframeViewController.h; sourceTree = "<group>"; };
		CE4DF74521247B8900C6E9F7 /* WireframeViewController.m */ = {isa = PBXFileReference; lastKnownFileType = sourcecode.c.objc; path = WireframeViewController.m; sourceTree = "<group>"; };
		CE603A46211DA4C4006E95F3 /* MXCardsSwipingView.m */ = {isa = PBXFileReference; fileEncoding = 4; lastKnownFileType = sourcecode.c.objc; path = MXCardsSwipingView.m; sourceTree = "<group>"; };
		CE603A47211DA4C4006E95F3 /* MXCardsSwipingView.h */ = {isa = PBXFileReference; fileEncoding = 4; lastKnownFileType = sourcecode.c.h; path = MXCardsSwipingView.h; sourceTree = "<group>"; };
		CE6A2B6E212C5BD400766A39 /* GettingForFriendSwipingViewController.h */ = {isa = PBXFileReference; lastKnownFileType = sourcecode.c.h; path = GettingForFriendSwipingViewController.h; sourceTree = "<group>"; };
		CE6A2B6F212C5BD400766A39 /* GettingForFriendSwipingViewController.m */ = {isa = PBXFileReference; lastKnownFileType = sourcecode.c.objc; path = GettingForFriendSwipingViewController.m; sourceTree = "<group>"; };
		CE6A2B71212C5BF300766A39 /* GettingForFriendSwiping.storyboard */ = {isa = PBXFileReference; lastKnownFileType = file.storyboard; path = GettingForFriendSwiping.storyboard; sourceTree = "<group>"; };
		CE900CB321251E8B00503AF3 /* AddingFriend.storyboard */ = {isa = PBXFileReference; lastKnownFileType = file.storyboard; path = AddingFriend.storyboard; sourceTree = "<group>"; };
		CEB28724211388A900C51670 /* Korte.app */ = {isa = PBXFileReference; explicitFileType = wrapper.application; includeInIndex = 0; path = Korte.app; sourceTree = BUILT_PRODUCTS_DIR; };
		CEB28727211388A900C51670 /* AppDelegate.h */ = {isa = PBXFileReference; lastKnownFileType = sourcecode.c.h; path = AppDelegate.h; sourceTree = "<group>"; };
		CEB28728211388A900C51670 /* AppDelegate.m */ = {isa = PBXFileReference; lastKnownFileType = sourcecode.c.objc; path = AppDelegate.m; sourceTree = "<group>"; };
		CEB28731211388A900C51670 /* simple.xcdatamodel */ = {isa = PBXFileReference; lastKnownFileType = wrapper.xcdatamodel; path = simple.xcdatamodel; sourceTree = "<group>"; };
		CEB28733211388BA00C51670 /* Assets.xcassets */ = {isa = PBXFileReference; lastKnownFileType = folder.assetcatalog; path = Assets.xcassets; sourceTree = "<group>"; };
		CEB28738211388BA00C51670 /* Info.plist */ = {isa = PBXFileReference; lastKnownFileType = text.plist.xml; path = Info.plist; sourceTree = "<group>"; };
		CEB28739211388BA00C51670 /* main.m */ = {isa = PBXFileReference; lastKnownFileType = sourcecode.c.objc; path = main.m; sourceTree = "<group>"; };
		CEB28744211391FC00C51670 /* MXViewController.m */ = {isa = PBXFileReference; fileEncoding = 4; lastKnownFileType = sourcecode.c.objc; path = MXViewController.m; sourceTree = "<group>"; };
		CEB28745211391FC00C51670 /* MXViewController.h */ = {isa = PBXFileReference; fileEncoding = 4; lastKnownFileType = sourcecode.c.h; path = MXViewController.h; sourceTree = "<group>"; };
		CEB287472113925A00C51670 /* MXMemberCardView.m */ = {isa = PBXFileReference; fileEncoding = 4; lastKnownFileType = sourcecode.c.objc; path = MXMemberCardView.m; sourceTree = "<group>"; };
		CEB287482113925A00C51670 /* MXMemberCardView.h */ = {isa = PBXFileReference; fileEncoding = 4; lastKnownFileType = sourcecode.c.h; path = MXMemberCardView.h; sourceTree = "<group>"; };
		CEB287632113F50E00C51670 /* SplashViewController.h */ = {isa = PBXFileReference; lastKnownFileType = sourcecode.c.h; path = SplashViewController.h; sourceTree = "<group>"; };
		CEB287642113F50E00C51670 /* SplashViewController.m */ = {isa = PBXFileReference; lastKnownFileType = sourcecode.c.objc; path = SplashViewController.m; sourceTree = "<group>"; };
		CEB287682113F6DC00C51670 /* Splash.storyboard */ = {isa = PBXFileReference; fileEncoding = 4; lastKnownFileType = file.storyboard; path = Splash.storyboard; sourceTree = "<group>"; };
		CEB2876E211432C700C51670 /* Base */ = {isa = PBXFileReference; lastKnownFileType = file.storyboard; name = Base; path = ../../flirtar/FlirtARViper/Base.lproj/LaunchScreen.storyboard; sourceTree = "<group>"; };
		CEB6FC8F21214488003A7E69 /* AddConnectViewController.h */ = {isa = PBXFileReference; lastKnownFileType = sourcecode.c.h; path = AddConnectViewController.h; sourceTree = "<group>"; };
		CEB6FC9021214488003A7E69 /* AddConnectViewController.m */ = {isa = PBXFileReference; lastKnownFileType = sourcecode.c.objc; path = AddConnectViewController.m; sourceTree = "<group>"; };
		CEB6FC922121A0D5003A7E69 /* AddConnectScreen.storyboard */ = {isa = PBXFileReference; lastKnownFileType = file.storyboard; path = AddConnectScreen.storyboard; sourceTree = "<group>"; };
		CEDF2A59212A90FD0046D01E /* Matches.storyboard */ = {isa = PBXFileReference; lastKnownFileType = file.storyboard; path = Matches.storyboard; sourceTree = "<group>"; };
		FC948564BF5250A0D997D8C5 /* libPods-Korte.a */ = {isa = PBXFileReference; explicitFileType = archive.ar; includeInIndex = 0; path = "libPods-Korte.a"; sourceTree = BUILT_PRODUCTS_DIR; };
/* End PBXFileReference section */

/* Begin PBXFrameworksBuildPhase section */
		CEB28721211388A900C51670 /* Frameworks */ = {
			isa = PBXFrameworksBuildPhase;
			buildActionMask = 2147483647;
			files = (
				4AA356E6E3C056B9D7BC2175 /* libPods-Korte.a in Frameworks */,
			);
			runOnlyForDeploymentPostprocessing = 0;
		};
/* End PBXFrameworksBuildPhase section */

/* Begin PBXGroup section */
		559FE5F51B1CCD4D6D384768 /* Pods */ = {
			isa = PBXGroup;
			children = (
				A84CCF3D273BAACCEC0F3DEE /* Pods-Korte.debug.xcconfig */,
				0ABF510862DA2D2117C0BAC0 /* Pods-Korte.release.xcconfig */,
			);
			name = Pods;
			sourceTree = "<group>";
		};
		CE1CCF56211B017900AD8701 /* SubModules */ = {
			isa = PBXGroup;
			children = (
				CE4DF74321247B4600C6E9F7 /* WireFrame */,
				CE4DF73F21246F4900C6E9F7 /* FriendConnect */,
				CE3D2BCD211C7C2B005DE85C /* AddConnect */,
				CE3BCEF32116A41800706FD1 /* MenuControll */,
			);
			path = SubModules;
			sourceTree = "<group>";
		};
		CE1FC6D3212F28B50094C0E9 /* GettingForMeSwipingModule */ = {
			isa = PBXGroup;
			children = (
				CE1FC6D4212F28B50094C0E9 /* View */,
			);
			path = GettingForMeSwipingModule;
			sourceTree = "<group>";
		};
		CE1FC6D4212F28B50094C0E9 /* View */ = {
			isa = PBXGroup;
			children = (
				CE1FC6D5212F28B50094C0E9 /* MeTableViewCell.h */,
				CE1FC6D6212F28B50094C0E9 /* MeTableViewCell.m */,
				CE1FC6D7212F28B50094C0E9 /* GettingForMeSwiping.storyboard */,
				CE1FC6D8212F28B50094C0E9 /* GettingForMeSwipingViewController.h */,
				CE1FC6D9212F28B50094C0E9 /* GettingForMeSwipingViewController.m */,
			);
			path = View;
			sourceTree = "<group>";
		};
		CE27DE6D2119B79B00F5B1C2 /* LocationModule */ = {
			isa = PBXGroup;
			children = (
				CE4DF73921246D8F00C6E9F7 /* View */,
			);
			path = LocationModule;
			sourceTree = "<group>";
		};
		CE3BCEE921168CA600706FD1 /* ProfileModule */ = {
			isa = PBXGroup;
			children = (
				CE3BCEEA21168CCA00706FD1 /* View */,
			);
			path = ProfileModule;
			sourceTree = "<group>";
		};
		CE3BCEEA21168CCA00706FD1 /* View */ = {
			isa = PBXGroup;
			children = (
				CE3BCEEB21168CEB00706FD1 /* Profile.storyboard */,
				CE3BCEF021169B6A00706FD1 /* ProfileViewController.h */,
				CE3BCEF121169B6A00706FD1 /* ProfileViewController.m */,
			);
			path = View;
			sourceTree = "<group>";
		};
		CE3BCEF32116A41800706FD1 /* MenuControll */ = {
			isa = PBXGroup;
			children = (
				CE1CCF53211AFFB800AD8701 /* BasicMenuController.h */,
				CE1CCF54211AFFB800AD8701 /* BasicMenuController.m */,
			);
			path = MenuControll;
			sourceTree = "<group>";
		};
		CE3D2BCD211C7C2B005DE85C /* AddConnect */ = {
			isa = PBXGroup;
			children = (
				CE3D2BCE211C7C5F005DE85C /* AddingViewController.h */,
				CE3D2BCF211C7C5F005DE85C /* AddingViewController.m */,
			);
			path = AddConnect;
			sourceTree = "<group>";
		};
		CE4DF71F2123E2B500C6E9F7 /* FriendConnect */ = {
			isa = PBXGroup;
			children = (
				CE4DF736212445E000C6E9F7 /* SwipingTrainModule */,
				CE4DF7202123E32E00C6E9F7 /* View */,
			);
			path = FriendConnect;
			sourceTree = "<group>";
		};
		CE4DF7202123E32E00C6E9F7 /* View */ = {
			isa = PBXGroup;
			children = (
				CE4DF72C21243C1900C6E9F7 /* OnCard.h */,
				CE4DF72D21243C1900C6E9F7 /* OnCard.m */,
				CE4DF72A21243C1800C6E9F7 /* AddingFriendViewController.h */,
				CE4DF72B21243C1900C6E9F7 /* AddingFriendViewController.m */,
				CE900CB321251E8B00503AF3 /* AddingFriend.storyboard */,
			);
			path = View;
			sourceTree = "<group>";
		};
		CE4DF736212445E000C6E9F7 /* SwipingTrainModule */ = {
			isa = PBXGroup;
			children = (
			);
			path = SwipingTrainModule;
			sourceTree = "<group>";
		};
		CE4DF73921246D8F00C6E9F7 /* View */ = {
			isa = PBXGroup;
			children = (
				CE4DF73A21246DC200C6E9F7 /* Location.storyboard */,
				CE4DF73B21246DC200C6E9F7 /* LocationViewController.h */,
				CE4DF73C21246DC200C6E9F7 /* LocationViewController.m */,
			);
			name = View;
			path = "New Group";
			sourceTree = "<group>";
		};
		CE4DF73F21246F4900C6E9F7 /* FriendConnect */ = {
			isa = PBXGroup;
			children = (
				CE4DF74021246F7100C6E9F7 /* FriendConnectViewController.h */,
				CE4DF74121246F7100C6E9F7 /* FriendConnectViewController.m */,
			);
			path = FriendConnect;
			sourceTree = "<group>";
		};
		CE4DF74321247B4600C6E9F7 /* WireFrame */ = {
			isa = PBXGroup;
			children = (
				CE4DF74421247B8900C6E9F7 /* WireframeViewController.h */,
				CE4DF74521247B8900C6E9F7 /* WireframeViewController.m */,
			);
			path = WireFrame;
			sourceTree = "<group>";
		};
		CE603A42211DA424006E95F3 /* MXCardsSwipingView */ = {
			isa = PBXGroup;
			children = (
				CE603A47211DA4C4006E95F3 /* MXCardsSwipingView.h */,
				CE603A46211DA4C4006E95F3 /* MXCardsSwipingView.m */,
			);
			path = MXCardsSwipingView;
			sourceTree = "<group>";
		};
		CE6A2B6C212C5B6A00766A39 /* GettingForFriendSwipingModule */ = {
			isa = PBXGroup;
			children = (
				CE6A2B6D212C5B8B00766A39 /* View */,
			);
			path = GettingForFriendSwipingModule;
			sourceTree = "<group>";
		};
		CE6A2B6D212C5B8B00766A39 /* View */ = {
			isa = PBXGroup;
			children = (
				CE6A2B6E212C5BD400766A39 /* GettingForFriendSwipingViewController.h */,
				CE6A2B6F212C5BD400766A39 /* GettingForFriendSwipingViewController.m */,
				CE6A2B71212C5BF300766A39 /* GettingForFriendSwiping.storyboard */,
				CE1FC6CE212EF0820094C0E9 /* FriendsTableViewCell.h */,
				CE1FC6CF212EF0820094C0E9 /* FriendsTableViewCell.m */,
			);
			path = View;
			sourceTree = "<group>";
		};
		CE7B4CBF2131A9CD00BA425C /* GettingSwipingModule */ = {
			isa = PBXGroup;
			children = (
				CE1FC6D3212F28B50094C0E9 /* GettingForMeSwipingModule */,
				CE6A2B6C212C5B6A00766A39 /* GettingForFriendSwipingModule */,
			);
			path = GettingSwipingModule;
			sourceTree = "<group>";
		};
		CEB2871B211388A900C51670 = {
			isa = PBXGroup;
			children = (
				CEB28726211388A900C51670 /* simple */,
				CEB28725211388A900C51670 /* Products */,
				559FE5F51B1CCD4D6D384768 /* Pods */,
				F31264CEEE5F93D74C187B73 /* Frameworks */,
			);
			sourceTree = "<group>";
		};
		CEB28725211388A900C51670 /* Products */ = {
			isa = PBXGroup;
			children = (
				CEB28724211388A900C51670 /* Korte.app */,
			);
			name = Products;
			sourceTree = "<group>";
		};
		CEB28726211388A900C51670 /* simple */ = {
			isa = PBXGroup;
			children = (
				CE7B4CBF2131A9CD00BA425C /* GettingSwipingModule */,
				CEDF2A58212A8EE30046D01E /* MatchesModule */,
				CE4DF71F2123E2B500C6E9F7 /* FriendConnect */,
				CEB6FC8D21214457003A7E69 /* AddConnectModule */,
				CE27DE75211A2FCA00F5B1C2 /* data */,
				CE27DE6D2119B79B00F5B1C2 /* LocationModule */,
				CE3BCEE921168CA600706FD1 /* ProfileModule */,
				CEB2876A21142F5C00C51670 /* Common */,
				CEB2875A21139F2B00C51670 /* SplashModule */,
				CEB28742211391D400C51670 /* TinderModule */,
				CEB28727211388A900C51670 /* AppDelegate.h */,
				CEB28728211388A900C51670 /* AppDelegate.m */,
				CEB28733211388BA00C51670 /* Assets.xcassets */,
				CEB28738211388BA00C51670 /* Info.plist */,
				CEB2876D211432C700C51670 /* LaunchScreen.storyboard */,
				CEB28739211388BA00C51670 /* main.m */,
				CEB28730211388A900C51670 /* simple.xcdatamodeld */,
			);
			path = simple;
			sourceTree = "<group>";
		};
		CEB28742211391D400C51670 /* TinderModule */ = {
			isa = PBXGroup;
			children = (
				CEB28743211391E300C51670 /* View */,
			);
			path = TinderModule;
			sourceTree = "<group>";
		};
		CEB28743211391E300C51670 /* View */ = {
			isa = PBXGroup;
			children = (
				CEB287482113925A00C51670 /* MXMemberCardView.h */,
				CEB287472113925A00C51670 /* MXMemberCardView.m */,
				CEB28745211391FC00C51670 /* MXViewController.h */,
				CEB28744211391FC00C51670 /* MXViewController.m */,
			);
			path = View;
			sourceTree = "<group>";
		};
		CEB2875A21139F2B00C51670 /* SplashModule */ = {
			isa = PBXGroup;
			children = (
				CEB287632113F50E00C51670 /* SplashViewController.h */,
				CEB287642113F50E00C51670 /* SplashViewController.m */,
				CEB287682113F6DC00C51670 /* Splash.storyboard */,
			);
			path = SplashModule;
			sourceTree = "<group>";
		};
		CEB2876A21142F5C00C51670 /* Common */ = {
			isa = PBXGroup;
			children = (
				CE603A42211DA424006E95F3 /* MXCardsSwipingView */,
				CE1CCF56211B017900AD8701 /* SubModules */,
				CE3D333D2118F54400FE970D /* Utilities.h */,
			);
			path = Common;
			sourceTree = "<group>";
		};
		CEB6FC8D21214457003A7E69 /* AddConnectModule */ = {
			isa = PBXGroup;
			children = (
				CEB6FC8E2121446D003A7E69 /* View */,
			);
			path = AddConnectModule;
			sourceTree = "<group>";
		};
		CEB6FC8E2121446D003A7E69 /* View */ = {
			isa = PBXGroup;
			children = (
				CEB6FC8F21214488003A7E69 /* AddConnectViewController.h */,
				CEB6FC9021214488003A7E69 /* AddConnectViewController.m */,
				CEB6FC922121A0D5003A7E69 /* AddConnectScreen.storyboard */,
			);
			path = View;
			sourceTree = "<group>";
		};
		CEDF2A58212A8EE30046D01E /* MatchesModule */ = {
			isa = PBXGroup;
			children = (
				CEDF2A5B212A911E0046D01E /* view */,
			);
			path = MatchesModule;
			sourceTree = "<group>";
		};
		CEDF2A5B212A911E0046D01E /* view */ = {
			isa = PBXGroup;
			children = (
				CEDF2A59212A90FD0046D01E /* Matches.storyboard */,
				CE18E2B2212AE081004CACDB /* MatchesViewController.h */,
				CE18E2B3212AE081004CACDB /* MatchesViewController.m */,
				CE18E2B8212B5A37004CACDB /* SearchTableViewCell.h */,
				CE18E2B9212B5A37004CACDB /* SearchTableViewCell.m */,
			);
			path = view;
			sourceTree = "<group>";
		};
		F31264CEEE5F93D74C187B73 /* Frameworks */ = {
			isa = PBXGroup;
			children = (
				FC948564BF5250A0D997D8C5 /* libPods-Korte.a */,
			);
			name = Frameworks;
			sourceTree = "<group>";
		};
/* End PBXGroup section */

/* Begin PBXNativeTarget section */
		CEB28723211388A900C51670 /* Korte */ = {
			isa = PBXNativeTarget;
			buildConfigurationList = CEB2873D211388BA00C51670 /* Build configuration list for PBXNativeTarget "Korte" */;
			buildPhases = (
				0E1174D323B0D9023667400C /* [CP] Check Pods Manifest.lock */,
				CEB28720211388A900C51670 /* Sources */,
				CEB28721211388A900C51670 /* Frameworks */,
				CEB28722211388A900C51670 /* Resources */,
				F98689981D0F9ACB8713665B /* [CP] Copy Pods Resources */,
			);
			buildRules = (
			);
			dependencies = (
			);
			name = Korte;
			productName = simple;
			productReference = CEB28724211388A900C51670 /* Korte.app */;
			productType = "com.apple.product-type.application";
		};
/* End PBXNativeTarget section */

/* Begin PBXProject section */
		CEB2871C211388A900C51670 /* Project object */ = {
			isa = PBXProject;
			attributes = {
				LastUpgradeCheck = 0940;
				ORGANIZATIONNAME = Peace;
				TargetAttributes = {
					CEB28723211388A900C51670 = {
						CreatedOnToolsVersion = 9.4.1;
						LastSwiftMigration = 0940;
					};
				};
			};
			buildConfigurationList = CEB2871F211388A900C51670 /* Build configuration list for PBXProject "Korte" */;
			compatibilityVersion = "Xcode 9.3";
			developmentRegion = en;
			hasScannedForEncodings = 0;
			knownRegions = (
				en,
				Base,
			);
			mainGroup = CEB2871B211388A900C51670;
			productRefGroup = CEB28725211388A900C51670 /* Products */;
			projectDirPath = "";
			projectRoot = "";
			targets = (
				CEB28723211388A900C51670 /* Korte */,
			);
		};
/* End PBXProject section */

/* Begin PBXResourcesBuildPhase section */
		CEB28722211388A900C51670 /* Resources */ = {
			isa = PBXResourcesBuildPhase;
			buildActionMask = 2147483647;
			files = (
				CEB28734211388BA00C51670 /* Assets.xcassets in Resources */,
				CE3BCEEC21168CEB00706FD1 /* Profile.storyboard in Resources */,
				CEB2876F211432C700C51670 /* LaunchScreen.storyboard in Resources */,
				CEB6FC932121A0D5003A7E69 /* AddConnectScreen.storyboard in Resources */,
				CE4DF73D21246DC200C6E9F7 /* Location.storyboard in Resources */,
				CE6A2B72212C5BF300766A39 /* GettingForFriendSwiping.storyboard in Resources */,
				CE900CB421251E8B00503AF3 /* AddingFriend.storyboard in Resources */,
				CEDF2A5A212A90FD0046D01E /* Matches.storyboard in Resources */,
				CE27DE76211A2FCB00F5B1C2 /* data in Resources */,
				CE1FC6DB212F28B50094C0E9 /* GettingForMeSwiping.storyboard in Resources */,
				CEB287692113F6DD00C51670 /* Splash.storyboard in Resources */,
			);
			runOnlyForDeploymentPostprocessing = 0;
		};
/* End PBXResourcesBuildPhase section */

/* Begin PBXShellScriptBuildPhase section */
		0E1174D323B0D9023667400C /* [CP] Check Pods Manifest.lock */ = {
			isa = PBXShellScriptBuildPhase;
			buildActionMask = 2147483647;
			files = (
			);
			inputPaths = (
				"${PODS_PODFILE_DIR_PATH}/Podfile.lock",
				"${PODS_ROOT}/Manifest.lock",
			);
			name = "[CP] Check Pods Manifest.lock";
			outputPaths = (
				"$(DERIVED_FILE_DIR)/Pods-Korte-checkManifestLockResult.txt",
			);
			runOnlyForDeploymentPostprocessing = 0;
			shellPath = /bin/sh;
			shellScript = "diff \"${PODS_PODFILE_DIR_PATH}/Podfile.lock\" \"${PODS_ROOT}/Manifest.lock\" > /dev/null\nif [ $? != 0 ] ; then\n    # print error to STDERR\n    echo \"error: The sandbox is not in sync with the Podfile.lock. Run 'pod install' or update your CocoaPods installation.\" >&2\n    exit 1\nfi\n# This output is used by Xcode 'outputs' to avoid re-running this script phase.\necho \"SUCCESS\" > \"${SCRIPT_OUTPUT_FILE_0}\"\n";
			showEnvVarsInLog = 0;
		};
		F98689981D0F9ACB8713665B /* [CP] Copy Pods Resources */ = {
			isa = PBXShellScriptBuildPhase;
			buildActionMask = 2147483647;
			files = (
			);
			inputPaths = (
				"${SRCROOT}/Pods/Target Support Files/Pods-Korte/Pods-Korte-resources.sh",
				"${PODS_ROOT}/GoogleMaps/Maps/Frameworks/GoogleMaps.framework/Resources/GoogleMaps.bundle",
				"${PODS_ROOT}/GooglePlaces/Frameworks/GooglePlaces.framework/Resources/GooglePlaces.bundle",
			);
			name = "[CP] Copy Pods Resources";
			outputPaths = (
				"${TARGET_BUILD_DIR}/${UNLOCALIZED_RESOURCES_FOLDER_PATH}/GoogleMaps.bundle",
				"${TARGET_BUILD_DIR}/${UNLOCALIZED_RESOURCES_FOLDER_PATH}/GooglePlaces.bundle",
			);
			runOnlyForDeploymentPostprocessing = 0;
			shellPath = /bin/sh;
			shellScript = "\"${SRCROOT}/Pods/Target Support Files/Pods-Korte/Pods-Korte-resources.sh\"\n";
			showEnvVarsInLog = 0;
		};
/* End PBXShellScriptBuildPhase section */

/* Begin PBXSourcesBuildPhase section */
		CEB28720211388A900C51670 /* Sources */ = {
			isa = PBXSourcesBuildPhase;
			buildActionMask = 2147483647;
			files = (
				CE603A48211DA4C4006E95F3 /* MXCardsSwipingView.m in Sources */,
				CEB287652113F50E00C51670 /* SplashViewController.m in Sources */,
				CEB28732211388A900C51670 /* simple.xcdatamodeld in Sources */,
				CEB6FC9121214488003A7E69 /* AddConnectViewController.m in Sources */,
				CEB28746211391FD00C51670 /* MXViewController.m in Sources */,
				CE3D2BD0211C7C5F005DE85C /* AddingViewController.m in Sources */,
				CE4DF72E21243C1900C6E9F7 /* AddingFriendViewController.m in Sources */,
				CE6A2B70212C5BD400766A39 /* GettingForFriendSwipingViewController.m in Sources */,
				CE4DF74221246F7100C6E9F7 /* FriendConnectViewController.m in Sources */,
				CE1FC6DA212F28B50094C0E9 /* MeTableViewCell.m in Sources */,
				CE18E2B4212AE081004CACDB /* MatchesViewController.m in Sources */,
				CE18E2BA212B5A37004CACDB /* SearchTableViewCell.m in Sources */,
				CE1FC6D0212EF0820094C0E9 /* FriendsTableViewCell.m in Sources */,
				CE1CCF55211AFFB800AD8701 /* BasicMenuController.m in Sources */,
				CE4DF72F21243C1900C6E9F7 /* OnCard.m in Sources */,
				CEB2873A211388BA00C51670 /* main.m in Sources */,
				CE3BCEF221169B6A00706FD1 /* ProfileViewController.m in Sources */,
				CE4DF73E21246DC200C6E9F7 /* LocationViewController.m in Sources */,
				CEB28729211388A900C51670 /* AppDelegate.m in Sources */,
				CE1FC6DC212F28B50094C0E9 /* GettingForMeSwipingViewController.m in Sources */,
				CE4DF74621247B8900C6E9F7 /* WireframeViewController.m in Sources */,
				CEB287492113925A00C51670 /* MXMemberCardView.m in Sources */,
			);
			runOnlyForDeploymentPostprocessing = 0;
		};
/* End PBXSourcesBuildPhase section */

/* Begin PBXVariantGroup section */
		CEB2876D211432C700C51670 /* LaunchScreen.storyboard */ = {
			isa = PBXVariantGroup;
			children = (
				CEB2876E211432C700C51670 /* Base */,
			);
			name = LaunchScreen.storyboard;
			sourceTree = "<group>";
		};
/* End PBXVariantGroup section */

/* Begin XCBuildConfiguration section */
		CEB2873B211388BA00C51670 /* Debug */ = {
			isa = XCBuildConfiguration;
			buildSettings = {
				ALWAYS_SEARCH_USER_PATHS = NO;
				CLANG_ANALYZER_NONNULL = YES;
				CLANG_ANALYZER_NUMBER_OBJECT_CONVERSION = YES_AGGRESSIVE;
				CLANG_CXX_LANGUAGE_STANDARD = "gnu++14";
				CLANG_CXX_LIBRARY = "libc++";
				CLANG_ENABLE_MODULES = YES;
				CLANG_ENABLE_OBJC_ARC = YES;
				CLANG_ENABLE_OBJC_WEAK = YES;
				CLANG_WARN_BLOCK_CAPTURE_AUTORELEASING = YES;
				CLANG_WARN_BOOL_CONVERSION = YES;
				CLANG_WARN_COMMA = YES;
				CLANG_WARN_CONSTANT_CONVERSION = YES;
				CLANG_WARN_DEPRECATED_OBJC_IMPLEMENTATIONS = YES;
				CLANG_WARN_DIRECT_OBJC_ISA_USAGE = YES_ERROR;
				CLANG_WARN_DOCUMENTATION_COMMENTS = YES;
				CLANG_WARN_EMPTY_BODY = YES;
				CLANG_WARN_ENUM_CONVERSION = YES;
				CLANG_WARN_INFINITE_RECURSION = YES;
				CLANG_WARN_INT_CONVERSION = YES;
				CLANG_WARN_NON_LITERAL_NULL_CONVERSION = YES;
				CLANG_WARN_OBJC_IMPLICIT_RETAIN_SELF = YES;
				CLANG_WARN_OBJC_LITERAL_CONVERSION = YES;
				CLANG_WARN_OBJC_ROOT_CLASS = YES_ERROR;
				CLANG_WARN_RANGE_LOOP_ANALYSIS = YES;
				CLANG_WARN_STRICT_PROTOTYPES = YES;
				CLANG_WARN_SUSPICIOUS_MOVE = YES;
				CLANG_WARN_UNGUARDED_AVAILABILITY = YES_AGGRESSIVE;
				CLANG_WARN_UNREACHABLE_CODE = YES;
				CLANG_WARN__DUPLICATE_METHOD_MATCH = YES;
				CODE_SIGN_IDENTITY = "iPhone Developer";
				COPY_PHASE_STRIP = NO;
				DEBUG_INFORMATION_FORMAT = dwarf;
				ENABLE_STRICT_OBJC_MSGSEND = YES;
				ENABLE_TESTABILITY = YES;
				GCC_C_LANGUAGE_STANDARD = gnu11;
				GCC_DYNAMIC_NO_PIC = NO;
				GCC_NO_COMMON_BLOCKS = YES;
				GCC_OPTIMIZATION_LEVEL = 0;
				GCC_PREPROCESSOR_DEFINITIONS = (
					"DEBUG=1",
					"$(inherited)",
				);
				GCC_WARN_64_TO_32_BIT_CONVERSION = YES;
				GCC_WARN_ABOUT_RETURN_TYPE = YES_ERROR;
				GCC_WARN_UNDECLARED_SELECTOR = YES;
				GCC_WARN_UNINITIALIZED_AUTOS = YES_AGGRESSIVE;
				GCC_WARN_UNUSED_FUNCTION = YES;
				GCC_WARN_UNUSED_VARIABLE = YES;
				IPHONEOS_DEPLOYMENT_TARGET = 11.4;
				MTL_ENABLE_DEBUG_INFO = YES;
				ONLY_ACTIVE_ARCH = YES;
				SDKROOT = iphoneos;
			};
			name = Debug;
		};
		CEB2873C211388BA00C51670 /* Release */ = {
			isa = XCBuildConfiguration;
			buildSettings = {
				ALWAYS_SEARCH_USER_PATHS = NO;
				CLANG_ANALYZER_NONNULL = YES;
				CLANG_ANALYZER_NUMBER_OBJECT_CONVERSION = YES_AGGRESSIVE;
				CLANG_CXX_LANGUAGE_STANDARD = "gnu++14";
				CLANG_CXX_LIBRARY = "libc++";
				CLANG_ENABLE_MODULES = YES;
				CLANG_ENABLE_OBJC_ARC = YES;
				CLANG_ENABLE_OBJC_WEAK = YES;
				CLANG_WARN_BLOCK_CAPTURE_AUTORELEASING = YES;
				CLANG_WARN_BOOL_CONVERSION = YES;
				CLANG_WARN_COMMA = YES;
				CLANG_WARN_CONSTANT_CONVERSION = YES;
				CLANG_WARN_DEPRECATED_OBJC_IMPLEMENTATIONS = YES;
				CLANG_WARN_DIRECT_OBJC_ISA_USAGE = YES_ERROR;
				CLANG_WARN_DOCUMENTATION_COMMENTS = YES;
				CLANG_WARN_EMPTY_BODY = YES;
				CLANG_WARN_ENUM_CONVERSION = YES;
				CLANG_WARN_INFINITE_RECURSION = YES;
				CLANG_WARN_INT_CONVERSION = YES;
				CLANG_WARN_NON_LITERAL_NULL_CONVERSION = YES;
				CLANG_WARN_OBJC_IMPLICIT_RETAIN_SELF = YES;
				CLANG_WARN_OBJC_LITERAL_CONVERSION = YES;
				CLANG_WARN_OBJC_ROOT_CLASS = YES_ERROR;
				CLANG_WARN_RANGE_LOOP_ANALYSIS = YES;
				CLANG_WARN_STRICT_PROTOTYPES = YES;
				CLANG_WARN_SUSPICIOUS_MOVE = YES;
				CLANG_WARN_UNGUARDED_AVAILABILITY = YES_AGGRESSIVE;
				CLANG_WARN_UNREACHABLE_CODE = YES;
				CLANG_WARN__DUPLICATE_METHOD_MATCH = YES;
				CODE_SIGN_IDENTITY = "iPhone Developer";
				COPY_PHASE_STRIP = NO;
				DEBUG_INFORMATION_FORMAT = "dwarf-with-dsym";
				ENABLE_NS_ASSERTIONS = NO;
				ENABLE_STRICT_OBJC_MSGSEND = YES;
				GCC_C_LANGUAGE_STANDARD = gnu11;
				GCC_NO_COMMON_BLOCKS = YES;
				GCC_WARN_64_TO_32_BIT_CONVERSION = YES;
				GCC_WARN_ABOUT_RETURN_TYPE = YES_ERROR;
				GCC_WARN_UNDECLARED_SELECTOR = YES;
				GCC_WARN_UNINITIALIZED_AUTOS = YES_AGGRESSIVE;
				GCC_WARN_UNUSED_FUNCTION = YES;
				GCC_WARN_UNUSED_VARIABLE = YES;
				IPHONEOS_DEPLOYMENT_TARGET = 11.4;
				MTL_ENABLE_DEBUG_INFO = NO;
				SDKROOT = iphoneos;
				VALIDATE_PRODUCT = YES;
			};
			name = Release;
		};
		CEB2873E211388BA00C51670 /* Debug */ = {
			isa = XCBuildConfiguration;
			baseConfigurationReference = A84CCF3D273BAACCEC0F3DEE /* Pods-Korte.debug.xcconfig */;
			buildSettings = {
				ASSETCATALOG_COMPILER_APPICON_NAME = AppIcon;
				CLANG_ENABLE_MODULES = YES;
				CODE_SIGN_STYLE = Manual;
				DEVELOPMENT_TEAM = JSHQJ848VX;
				INFOPLIST_FILE = simple/Info.plist;
				IPHONEOS_DEPLOYMENT_TARGET = 9.3;
				LD_RUNPATH_SEARCH_PATHS = (
					"$(inherited)",
					"@executable_path/Frameworks",
				);
				PRODUCT_BUNDLE_IDENTIFIER = com.reema.dating;
				PRODUCT_NAME = "$(TARGET_NAME)";
				PROVISIONING_PROFILE = "52d94660-5190-4b03-97a7-be51df60d6a9";
				PROVISIONING_PROFILE_SPECIFIER = ReemaDev;
				SWIFT_OBJC_BRIDGING_HEADER = "simple/Common/simple-Bridging-Header.h";
				SWIFT_OPTIMIZATION_LEVEL = "-Onone";
				SWIFT_VERSION = 3.0;
				TARGETED_DEVICE_FAMILY = "1,2";
			};
			name = Debug;
		};
		CEB2873F211388BA00C51670 /* Release */ = {
			isa = XCBuildConfiguration;
			baseConfigurationReference = 0ABF510862DA2D2117C0BAC0 /* Pods-Korte.release.xcconfig */;
			buildSettings = {
				ASSETCATALOG_COMPILER_APPICON_NAME = AppIcon;
				CLANG_ENABLE_MODULES = YES;
				CODE_SIGN_STYLE = Manual;
				DEVELOPMENT_TEAM = JSHQJ848VX;
				INFOPLIST_FILE = simple/Info.plist;
				IPHONEOS_DEPLOYMENT_TARGET = 9.3;
				LD_RUNPATH_SEARCH_PATHS = (
					"$(inherited)",
					"@executable_path/Frameworks",
				);
				PRODUCT_BUNDLE_IDENTIFIER = com.reema.dating;
				PRODUCT_NAME = "$(TARGET_NAME)";
				PROVISIONING_PROFILE = "52d94660-5190-4b03-97a7-be51df60d6a9";
				PROVISIONING_PROFILE_SPECIFIER = ReemaDev;
				SWIFT_OBJC_BRIDGING_HEADER = "simple/Common/simple-Bridging-Header.h";
				SWIFT_VERSION = 3.0;
				TARGETED_DEVICE_FAMILY = "1,2";
			};
			name = Release;
		};
/* End XCBuildConfiguration section */

/* Begin XCConfigurationList section */
		CEB2871F211388A900C51670 /* Build configuration list for PBXProject "Korte" */ = {
			isa = XCConfigurationList;
			buildConfigurations = (
				CEB2873B211388BA00C51670 /* Debug */,
				CEB2873C211388BA00C51670 /* Release */,
			);
			defaultConfigurationIsVisible = 0;
			defaultConfigurationName = Release;
		};
		CEB2873D211388BA00C51670 /* Build configuration list for PBXNativeTarget "Korte" */ = {
			isa = XCConfigurationList;
			buildConfigurations = (
				CEB2873E211388BA00C51670 /* Debug */,
				CEB2873F211388BA00C51670 /* Release */,
			);
			defaultConfigurationIsVisible = 0;
			defaultConfigurationName = Release;
		};
/* End XCConfigurationList section */

/* Begin XCVersionGroup section */
		CEB28730211388A900C51670 /* simple.xcdatamodeld */ = {
			isa = XCVersionGroup;
			children = (
				CEB28731211388A900C51670 /* simple.xcdatamodel */,
			);
			currentVersion = CEB28731211388A900C51670 /* simple.xcdatamodel */;
			path = simple.xcdatamodeld;
			sourceTree = "<group>";
			versionGroupType = wrapper.xcdatamodel;
		};
/* End XCVersionGroup section */
	};
	rootObject = CEB2871C211388A900C51670 /* Project object */;
}
