// !$*UTF8*$!
{
	archiveVersion = 1;
	classes = {
	};
	objectVersion = 50;
	objects = {

/* Begin PBXBuildFile section */
		2287A49515E261FA5ACBECE0 /* Pods_Korte.framework in Frameworks */ = {isa = PBXBuildFile; fileRef = 66FBA8ABA9919E614E71EAC5 /* Pods_Korte.framework */; };
		CE09C21C215218B200DF5291 /* ProfileCollectionViewCell.m in Sources */ = {isa = PBXBuildFile; fileRef = CE09C21B215218B200DF5291 /* ProfileCollectionViewCell.m */; };
		CE09C2302152648900DF5291 /* HTKDragAndDropCollectionViewController.m in Sources */ = {isa = PBXBuildFile; fileRef = CE09C22A2152648900DF5291 /* HTKDragAndDropCollectionViewController.m */; };
		CE09C2312152648900DF5291 /* HTKDragAndDropCollectionViewLayout.m in Sources */ = {isa = PBXBuildFile; fileRef = CE09C22C2152648900DF5291 /* HTKDragAndDropCollectionViewLayout.m */; };
		CE09C2322152648900DF5291 /* HTKDraggableCollectionViewCell.m in Sources */ = {isa = PBXBuildFile; fileRef = CE09C22F2152648900DF5291 /* HTKDraggableCollectionViewCell.m */; };
		CE09C2372152A4DA00DF5291 /* ProfileCollectionViewController.m in Sources */ = {isa = PBXBuildFile; fileRef = CE09C2362152A4DA00DF5291 /* ProfileCollectionViewController.m */; };
		CE1778A7213FEF2700764C3B /* gothamroundedmedium_21022.ttf in Resources */ = {isa = PBXBuildFile; fileRef = CE1778A6213FEEFB00764C3B /* gothamroundedmedium_21022.ttf */; };
		CE1778A921402C6C00764C3B /* GothamRoundedBold_21016.ttf in Resources */ = {isa = PBXBuildFile; fileRef = CE1778A821402C4E00764C3B /* GothamRoundedBold_21016.ttf */; };
		CE1778AB21406BFF00764C3B /* GothamRoundedBook_21018.ttf in Resources */ = {isa = PBXBuildFile; fileRef = CE1778AA21406BFA00764C3B /* GothamRoundedBook_21018.ttf */; };
		CE18E2B4212AE081004CACDB /* MatchesViewController.m in Sources */ = {isa = PBXBuildFile; fileRef = CE18E2B3212AE081004CACDB /* MatchesViewController.m */; };
		CE1CCF55211AFFB800AD8701 /* BasicMenuController.m in Sources */ = {isa = PBXBuildFile; fileRef = CE1CCF54211AFFB800AD8701 /* BasicMenuController.m */; };
		CE1FC6D0212EF0820094C0E9 /* FriendsTableViewCell.m in Sources */ = {isa = PBXBuildFile; fileRef = CE1FC6CF212EF0820094C0E9 /* FriendsTableViewCell.m */; };
		CE1FC6DA212F28B50094C0E9 /* MeTableViewCell.m in Sources */ = {isa = PBXBuildFile; fileRef = CE1FC6D6212F28B50094C0E9 /* MeTableViewCell.m */; };
		CE1FC6DB212F28B50094C0E9 /* GettingForMeSwiping.storyboard in Resources */ = {isa = PBXBuildFile; fileRef = CE1FC6D7212F28B50094C0E9 /* GettingForMeSwiping.storyboard */; };
		CE1FC6DC212F28B50094C0E9 /* GettingForMeSwipingViewController.m in Sources */ = {isa = PBXBuildFile; fileRef = CE1FC6D9212F28B50094C0E9 /* GettingForMeSwipingViewController.m */; };
		CE27DE76211A2FCB00F5B1C2 /* data in Resources */ = {isa = PBXBuildFile; fileRef = CE27DE75211A2FCA00F5B1C2 /* data */; };
		CE3480BE21493428005F33FB /* Bolts.framework in Frameworks */ = {isa = PBXBuildFile; fileRef = CE3480BB21493428005F33FB /* Bolts.framework */; };
		CE3480BF21493428005F33FB /* FBSDKCoreKit.framework in Frameworks */ = {isa = PBXBuildFile; fileRef = CE3480BC21493428005F33FB /* FBSDKCoreKit.framework */; };
		CE3480C021493428005F33FB /* FBSDKLoginKit.framework in Frameworks */ = {isa = PBXBuildFile; fileRef = CE3480BD21493428005F33FB /* FBSDKLoginKit.framework */; };
		CE3480C6214A35A1005F33FB /* PDKeychainBindings.m in Sources */ = {isa = PBXBuildFile; fileRef = CE3480C3214A35A1005F33FB /* PDKeychainBindings.m */; };
		CE3480C7214A35A1005F33FB /* PDKeychainBindingsController.m in Sources */ = {isa = PBXBuildFile; fileRef = CE3480C5214A35A1005F33FB /* PDKeychainBindingsController.m */; };
		CE3BCEEC21168CEB00706FD1 /* Profile.storyboard in Resources */ = {isa = PBXBuildFile; fileRef = CE3BCEEB21168CEB00706FD1 /* Profile.storyboard */; };
		CE3BCEF221169B6A00706FD1 /* ProfileViewController.m in Sources */ = {isa = PBXBuildFile; fileRef = CE3BCEF121169B6A00706FD1 /* ProfileViewController.m */; };
		CE3D2BD0211C7C5F005DE85C /* AddingViewController.m in Sources */ = {isa = PBXBuildFile; fileRef = CE3D2BCF211C7C5F005DE85C /* AddingViewController.m */; };
		CE4790912140D97B004DA76F /* MSCMoreOptionTableViewCell.m in Sources */ = {isa = PBXBuildFile; fileRef = CE47908F2140D97B004DA76F /* MSCMoreOptionTableViewCell.m */; };
		CE47909E21423328004DA76F /* DSCircularLayout.m in Sources */ = {isa = PBXBuildFile; fileRef = CE47909C21423328004DA76F /* DSCircularLayout.m */; };
		CE4790A121424956004DA76F /* FriendCollectionViewCell.m in Sources */ = {isa = PBXBuildFile; fileRef = CE4790A021424956004DA76F /* FriendCollectionViewCell.m */; };
		CE4DF72E21243C1900C6E9F7 /* AddingFriendViewController.m in Sources */ = {isa = PBXBuildFile; fileRef = CE4DF72B21243C1900C6E9F7 /* AddingFriendViewController.m */; };
		CE4DF72F21243C1900C6E9F7 /* OnCard.m in Sources */ = {isa = PBXBuildFile; fileRef = CE4DF72D21243C1900C6E9F7 /* OnCard.m */; };
		CE4DF73D21246DC200C6E9F7 /* Location.storyboard in Resources */ = {isa = PBXBuildFile; fileRef = CE4DF73A21246DC200C6E9F7 /* Location.storyboard */; };
		CE4DF73E21246DC200C6E9F7 /* LocationViewController.m in Sources */ = {isa = PBXBuildFile; fileRef = CE4DF73C21246DC200C6E9F7 /* LocationViewController.m */; };
		CE4DF74221246F7100C6E9F7 /* FriendConnectViewController.m in Sources */ = {isa = PBXBuildFile; fileRef = CE4DF74121246F7100C6E9F7 /* FriendConnectViewController.m */; };
		CE4DF74621247B8900C6E9F7 /* WireframeViewController.m in Sources */ = {isa = PBXBuildFile; fileRef = CE4DF74521247B8900C6E9F7 /* WireframeViewController.m */; };
		CE598E3F21380B6800306488 /* IDViewController.m in Sources */ = {isa = PBXBuildFile; fileRef = CE598E3E21380B6800306488 /* IDViewController.m */; };
		CE598E4121380B8300306488 /* IDVerify.storyboard in Resources */ = {isa = PBXBuildFile; fileRef = CE598E4021380B8300306488 /* IDVerify.storyboard */; };
		CE603A48211DA4C4006E95F3 /* MXCardsSwipingView.m in Sources */ = {isa = PBXBuildFile; fileRef = CE603A46211DA4C4006E95F3 /* MXCardsSwipingView.m */; };
		CE6A2B70212C5BD400766A39 /* GettingForFriendSwipingViewController.m in Sources */ = {isa = PBXBuildFile; fileRef = CE6A2B6F212C5BD400766A39 /* GettingForFriendSwipingViewController.m */; };
		CE6A2B72212C5BF300766A39 /* GettingForFriendSwiping.storyboard in Resources */ = {isa = PBXBuildFile; fileRef = CE6A2B71212C5BF300766A39 /* GettingForFriendSwiping.storyboard */; };
		CE7A350C2146F34D00973CB8 /* Chat.storyboard in Resources */ = {isa = PBXBuildFile; fileRef = CE7A35052146F34C00973CB8 /* Chat.storyboard */; };
		CE7A350E2146F34D00973CB8 /* ChatController.m in Sources */ = {isa = PBXBuildFile; fileRef = CE7A350A2146F34D00973CB8 /* ChatController.m */; };
		CE7A350F2146F34D00973CB8 /* MessageModal.m in Sources */ = {isa = PBXBuildFile; fileRef = CE7A350B2146F34D00973CB8 /* MessageModal.m */; };
		CE7A351921470D9900973CB8 /* MatchProfileViewController.m in Sources */ = {isa = PBXBuildFile; fileRef = CE7A351821470D9900973CB8 /* MatchProfileViewController.m */; };
		CE7A351B214711B300973CB8 /* MProfile.storyboard in Resources */ = {isa = PBXBuildFile; fileRef = CE7A351A214711B300973CB8 /* MProfile.storyboard */; };
		CE900CB421251E8B00503AF3 /* AddingFriend.storyboard in Resources */ = {isa = PBXBuildFile; fileRef = CE900CB321251E8B00503AF3 /* AddingFriend.storyboard */; };
		CEAFBC9C21549115009BE456 /* FirebaseViewController.m in Sources */ = {isa = PBXBuildFile; fileRef = CEAFBC9B21549115009BE456 /* FirebaseViewController.m */; };
		CEAFBCA321551344009BE456 /* Utilities.m in Sources */ = {isa = PBXBuildFile; fileRef = CEAFBCA221551344009BE456 /* Utilities.m */; };
		CEB28729211388A900C51670 /* AppDelegate.m in Sources */ = {isa = PBXBuildFile; fileRef = CEB28728211388A900C51670 /* AppDelegate.m */; };
		CEB28732211388A900C51670 /* simple.xcdatamodeld in Sources */ = {isa = PBXBuildFile; fileRef = CEB28730211388A900C51670 /* simple.xcdatamodeld */; };
		CEB28734211388BA00C51670 /* Assets.xcassets in Resources */ = {isa = PBXBuildFile; fileRef = CEB28733211388BA00C51670 /* Assets.xcassets */; };
		CEB2873A211388BA00C51670 /* main.m in Sources */ = {isa = PBXBuildFile; fileRef = CEB28739211388BA00C51670 /* main.m */; };
		CEB28746211391FD00C51670 /* MXViewController.m in Sources */ = {isa = PBXBuildFile; fileRef = CEB28744211391FC00C51670 /* MXViewController.m */; };
		CEB287492113925A00C51670 /* MXMemberCardView.m in Sources */ = {isa = PBXBuildFile; fileRef = CEB287472113925A00C51670 /* MXMemberCardView.m */; };
		CEB287652113F50E00C51670 /* SplashViewController.m in Sources */ = {isa = PBXBuildFile; fileRef = CEB287642113F50E00C51670 /* SplashViewController.m */; };
		CEB287692113F6DD00C51670 /* Splash.storyboard in Resources */ = {isa = PBXBuildFile; fileRef = CEB287682113F6DC00C51670 /* Splash.storyboard */; };
		CEB2876F211432C700C51670 /* LaunchScreen.storyboard in Resources */ = {isa = PBXBuildFile; fileRef = CEB2876D211432C700C51670 /* LaunchScreen.storyboard */; };
		CEB6FC9121214488003A7E69 /* AddConnectViewController.m in Sources */ = {isa = PBXBuildFile; fileRef = CEB6FC9021214488003A7E69 /* AddConnectViewController.m */; };
		CEB6FC932121A0D5003A7E69 /* AddConnectScreen.storyboard in Resources */ = {isa = PBXBuildFile; fileRef = CEB6FC922121A0D5003A7E69 /* AddConnectScreen.storyboard */; };
		CEBA56BA214828320025C87A /* SBSliderView.m in Sources */ = {isa = PBXBuildFile; fileRef = CEBA56B8214828320025C87A /* SBSliderView.m */; };
		CEBA56BB214828320025C87A /* SBSliderView.xib in Resources */ = {isa = PBXBuildFile; fileRef = CEBA56B9214828320025C87A /* SBSliderView.xib */; };
		CEC7CF312150B18600A8D221 /* MeQuestion.storyboard in Resources */ = {isa = PBXBuildFile; fileRef = CEC7CF302150B18600A8D221 /* MeQuestion.storyboard */; };
		CEC7CF342150B30300A8D221 /* MeQuestionViewController.m in Sources */ = {isa = PBXBuildFile; fileRef = CEC7CF332150B30300A8D221 /* MeQuestionViewController.m */; };
		CEDF2A5A212A90FD0046D01E /* Matches.storyboard in Resources */ = {isa = PBXBuildFile; fileRef = CEDF2A59212A90FD0046D01E /* Matches.storyboard */; };
		CEE321FD21569D0A007A8E08 /* GoogleService-Info.plist in Resources */ = {isa = PBXBuildFile; fileRef = CEE321FC21569D0A007A8E08 /* GoogleService-Info.plist */; };
/* End PBXBuildFile section */

/* Begin PBXFileReference section */
		0ABF510862DA2D2117C0BAC0 /* Pods-Korte.release.xcconfig */ = {isa = PBXFileReference; includeInIndex = 1; lastKnownFileType = text.xcconfig; name = "Pods-Korte.release.xcconfig"; path = "Pods/Target Support Files/Pods-Korte/Pods-Korte.release.xcconfig"; sourceTree = "<group>"; };
		66FBA8ABA9919E614E71EAC5 /* Pods_Korte.framework */ = {isa = PBXFileReference; explicitFileType = wrapper.framework; includeInIndex = 0; path = Pods_Korte.framework; sourceTree = BUILT_PRODUCTS_DIR; };
		A84CCF3D273BAACCEC0F3DEE /* Pods-Korte.debug.xcconfig */ = {isa = PBXFileReference; includeInIndex = 1; lastKnownFileType = text.xcconfig; name = "Pods-Korte.debug.xcconfig"; path = "Pods/Target Support Files/Pods-Korte/Pods-Korte.debug.xcconfig"; sourceTree = "<group>"; };
		CE09C21A215218B200DF5291 /* ProfileCollectionViewCell.h */ = {isa = PBXFileReference; lastKnownFileType = sourcecode.c.h; path = ProfileCollectionViewCell.h; sourceTree = "<group>"; };
		CE09C21B215218B200DF5291 /* ProfileCollectionViewCell.m */ = {isa = PBXFileReference; lastKnownFileType = sourcecode.c.objc; path = ProfileCollectionViewCell.m; sourceTree = "<group>"; };
		CE09C2292152648900DF5291 /* HTKDragAndDropCollectionViewController.h */ = {isa = PBXFileReference; fileEncoding = 4; lastKnownFileType = sourcecode.c.h; path = HTKDragAndDropCollectionViewController.h; sourceTree = "<group>"; };
		CE09C22A2152648900DF5291 /* HTKDragAndDropCollectionViewController.m */ = {isa = PBXFileReference; fileEncoding = 4; lastKnownFileType = sourcecode.c.objc; path = HTKDragAndDropCollectionViewController.m; sourceTree = "<group>"; };
		CE09C22B2152648900DF5291 /* HTKDragAndDropCollectionViewLayout.h */ = {isa = PBXFileReference; fileEncoding = 4; lastKnownFileType = sourcecode.c.h; path = HTKDragAndDropCollectionViewLayout.h; sourceTree = "<group>"; };
		CE09C22C2152648900DF5291 /* HTKDragAndDropCollectionViewLayout.m */ = {isa = PBXFileReference; fileEncoding = 4; lastKnownFileType = sourcecode.c.objc; path = HTKDragAndDropCollectionViewLayout.m; sourceTree = "<group>"; };
		CE09C22D2152648900DF5291 /* HTKDragAndDropCollectionViewLayoutConstants.h */ = {isa = PBXFileReference; fileEncoding = 4; lastKnownFileType = sourcecode.c.h; path = HTKDragAndDropCollectionViewLayoutConstants.h; sourceTree = "<group>"; };
		CE09C22E2152648900DF5291 /* HTKDraggableCollectionViewCell.h */ = {isa = PBXFileReference; fileEncoding = 4; lastKnownFileType = sourcecode.c.h; path = HTKDraggableCollectionViewCell.h; sourceTree = "<group>"; };
		CE09C22F2152648900DF5291 /* HTKDraggableCollectionViewCell.m */ = {isa = PBXFileReference; fileEncoding = 4; lastKnownFileType = sourcecode.c.objc; path = HTKDraggableCollectionViewCell.m; sourceTree = "<group>"; };
		CE09C2352152A4D900DF5291 /* ProfileCollectionViewController.h */ = {isa = PBXFileReference; lastKnownFileType = sourcecode.c.h; path = ProfileCollectionViewController.h; sourceTree = "<group>"; };
		CE09C2362152A4DA00DF5291 /* ProfileCollectionViewController.m */ = {isa = PBXFileReference; lastKnownFileType = sourcecode.c.objc; path = ProfileCollectionViewController.m; sourceTree = "<group>"; };
		CE1778A6213FEEFB00764C3B /* gothamroundedmedium_21022.ttf */ = {isa = PBXFileReference; lastKnownFileType = file; path = gothamroundedmedium_21022.ttf; sourceTree = "<group>"; };
		CE1778A821402C4E00764C3B /* GothamRoundedBold_21016.ttf */ = {isa = PBXFileReference; lastKnownFileType = file; path = GothamRoundedBold_21016.ttf; sourceTree = "<group>"; };
		CE1778AA21406BFA00764C3B /* GothamRoundedBook_21018.ttf */ = {isa = PBXFileReference; lastKnownFileType = file; path = GothamRoundedBook_21018.ttf; sourceTree = "<group>"; };
		CE18E2B2212AE081004CACDB /* MatchesViewController.h */ = {isa = PBXFileReference; lastKnownFileType = sourcecode.c.h; path = MatchesViewController.h; sourceTree = "<group>"; };
		CE18E2B3212AE081004CACDB /* MatchesViewController.m */ = {isa = PBXFileReference; lastKnownFileType = sourcecode.c.objc; path = MatchesViewController.m; sourceTree = "<group>"; };
		CE1CCF53211AFFB800AD8701 /* BasicMenuController.h */ = {isa = PBXFileReference; lastKnownFileType = sourcecode.c.h; path = BasicMenuController.h; sourceTree = "<group>"; };
		CE1CCF54211AFFB800AD8701 /* BasicMenuController.m */ = {isa = PBXFileReference; lastKnownFileType = sourcecode.c.objc; path = BasicMenuController.m; sourceTree = "<group>"; };
		CE1FC6CE212EF0820094C0E9 /* FriendsTableViewCell.h */ = {isa = PBXFileReference; lastKnownFileType = sourcecode.c.h; path = FriendsTableViewCell.h; sourceTree = "<group>"; };
		CE1FC6CF212EF0820094C0E9 /* FriendsTableViewCell.m */ = {isa = PBXFileReference; lastKnownFileType = sourcecode.c.objc; path = FriendsTableViewCell.m; sourceTree = "<group>"; };
		CE1FC6D5212F28B50094C0E9 /* MeTableViewCell.h */ = {isa = PBXFileReference; fileEncoding = 4; lastKnownFileType = sourcecode.c.h; path = MeTableViewCell.h; sourceTree = "<group>"; };
		CE1FC6D6212F28B50094C0E9 /* MeTableViewCell.m */ = {isa = PBXFileReference; fileEncoding = 4; lastKnownFileType = sourcecode.c.objc; path = MeTableViewCell.m; sourceTree = "<group>"; };
		CE1FC6D7212F28B50094C0E9 /* GettingForMeSwiping.storyboard */ = {isa = PBXFileReference; fileEncoding = 4; lastKnownFileType = file.storyboard; path = GettingForMeSwiping.storyboard; sourceTree = "<group>"; };
		CE1FC6D8212F28B50094C0E9 /* GettingForMeSwipingViewController.h */ = {isa = PBXFileReference; fileEncoding = 4; lastKnownFileType = sourcecode.c.h; path = GettingForMeSwipingViewController.h; sourceTree = "<group>"; };
		CE1FC6D9212F28B50094C0E9 /* GettingForMeSwipingViewController.m */ = {isa = PBXFileReference; fileEncoding = 4; lastKnownFileType = sourcecode.c.objc; path = GettingForMeSwipingViewController.m; sourceTree = "<group>"; };
		CE27DE75211A2FCA00F5B1C2 /* data */ = {isa = PBXFileReference; lastKnownFileType = folder; name = data; path = simple/data; sourceTree = SOURCE_ROOT; };
		CE3480BB21493428005F33FB /* Bolts.framework */ = {isa = PBXFileReference; lastKnownFileType = wrapper.framework; path = Bolts.framework; sourceTree = "<group>"; };
		CE3480BC21493428005F33FB /* FBSDKCoreKit.framework */ = {isa = PBXFileReference; lastKnownFileType = wrapper.framework; path = FBSDKCoreKit.framework; sourceTree = "<group>"; };
		CE3480BD21493428005F33FB /* FBSDKLoginKit.framework */ = {isa = PBXFileReference; lastKnownFileType = wrapper.framework; path = FBSDKLoginKit.framework; sourceTree = "<group>"; };
		CE3480C2214A35A1005F33FB /* PDKeychainBindings.h */ = {isa = PBXFileReference; fileEncoding = 4; lastKnownFileType = sourcecode.c.h; path = PDKeychainBindings.h; sourceTree = "<group>"; };
		CE3480C3214A35A1005F33FB /* PDKeychainBindings.m */ = {isa = PBXFileReference; fileEncoding = 4; lastKnownFileType = sourcecode.c.objc; path = PDKeychainBindings.m; sourceTree = "<group>"; };
		CE3480C4214A35A1005F33FB /* PDKeychainBindingsController.h */ = {isa = PBXFileReference; fileEncoding = 4; lastKnownFileType = sourcecode.c.h; path = PDKeychainBindingsController.h; sourceTree = "<group>"; };
		CE3480C5214A35A1005F33FB /* PDKeychainBindingsController.m */ = {isa = PBXFileReference; fileEncoding = 4; lastKnownFileType = sourcecode.c.objc; path = PDKeychainBindingsController.m; sourceTree = "<group>"; };
		CE3BCEEB21168CEB00706FD1 /* Profile.storyboard */ = {isa = PBXFileReference; lastKnownFileType = file.storyboard; path = Profile.storyboard; sourceTree = "<group>"; };
		CE3BCEF021169B6A00706FD1 /* ProfileViewController.h */ = {isa = PBXFileReference; lastKnownFileType = sourcecode.c.h; path = ProfileViewController.h; sourceTree = "<group>"; };
		CE3BCEF121169B6A00706FD1 /* ProfileViewController.m */ = {isa = PBXFileReference; lastKnownFileType = sourcecode.c.objc; path = ProfileViewController.m; sourceTree = "<group>"; };
		CE3D2BCE211C7C5F005DE85C /* AddingViewController.h */ = {isa = PBXFileReference; lastKnownFileType = sourcecode.c.h; path = AddingViewController.h; sourceTree = "<group>"; };
		CE3D2BCF211C7C5F005DE85C /* AddingViewController.m */ = {isa = PBXFileReference; lastKnownFileType = sourcecode.c.objc; path = AddingViewController.m; sourceTree = "<group>"; };
		CE3D333D2118F54400FE970D /* Utiliti2es.h */ = {isa = PBXFileReference; lastKnownFileType = sourcecode.c.h; path = Utiliti2es.h; sourceTree = "<group>"; };
		CE47908E2140D97B004DA76F /* MSCMoreOptionTableViewCell.h */ = {isa = PBXFileReference; fileEncoding = 4; lastKnownFileType = sourcecode.c.h; path = MSCMoreOptionTableViewCell.h; sourceTree = "<group>"; };
		CE47908F2140D97B004DA76F /* MSCMoreOptionTableViewCell.m */ = {isa = PBXFileReference; fileEncoding = 4; lastKnownFileType = sourcecode.c.objc; path = MSCMoreOptionTableViewCell.m; sourceTree = "<group>"; };
		CE4790902140D97B004DA76F /* MSCMoreOptionTableViewCellDelegate.h */ = {isa = PBXFileReference; fileEncoding = 4; lastKnownFileType = sourcecode.c.h; path = MSCMoreOptionTableViewCellDelegate.h; sourceTree = "<group>"; };
		CE47909C21423328004DA76F /* DSCircularLayout.m */ = {isa = PBXFileReference; fileEncoding = 4; lastKnownFileType = sourcecode.c.objc; path = DSCircularLayout.m; sourceTree = "<group>"; };
		CE47909D21423328004DA76F /* DSCircularLayout.h */ = {isa = PBXFileReference; fileEncoding = 4; lastKnownFileType = sourcecode.c.h; path = DSCircularLayout.h; sourceTree = "<group>"; };
		CE47909F21424956004DA76F /* FriendCollectionViewCell.h */ = {isa = PBXFileReference; lastKnownFileType = sourcecode.c.h; path = FriendCollectionViewCell.h; sourceTree = "<group>"; };
		CE4790A021424956004DA76F /* FriendCollectionViewCell.m */ = {isa = PBXFileReference; lastKnownFileType = sourcecode.c.objc; path = FriendCollectionViewCell.m; sourceTree = "<group>"; };
		CE4DF72A21243C1800C6E9F7 /* AddingFriendViewController.h */ = {isa = PBXFileReference; fileEncoding = 4; lastKnownFileType = sourcecode.c.h; path = AddingFriendViewController.h; sourceTree = "<group>"; };
		CE4DF72B21243C1900C6E9F7 /* AddingFriendViewController.m */ = {isa = PBXFileReference; fileEncoding = 4; lastKnownFileType = sourcecode.c.objc; path = AddingFriendViewController.m; sourceTree = "<group>"; };
		CE4DF72C21243C1900C6E9F7 /* OnCard.h */ = {isa = PBXFileReference; fileEncoding = 4; lastKnownFileType = sourcecode.c.h; path = OnCard.h; sourceTree = "<group>"; };
		CE4DF72D21243C1900C6E9F7 /* OnCard.m */ = {isa = PBXFileReference; fileEncoding = 4; lastKnownFileType = sourcecode.c.objc; path = OnCard.m; sourceTree = "<group>"; };
		CE4DF73A21246DC200C6E9F7 /* Location.storyboard */ = {isa = PBXFileReference; fileEncoding = 4; lastKnownFileType = file.storyboard; name = Location.storyboard; path = simple/LocationModule/View/Location.storyboard; sourceTree = SOURCE_ROOT; };
		CE4DF73B21246DC200C6E9F7 /* LocationViewController.h */ = {isa = PBXFileReference; fileEncoding = 4; lastKnownFileType = sourcecode.c.h; name = LocationViewController.h; path = simple/LocationModule/View/LocationViewController.h; sourceTree = SOURCE_ROOT; };
		CE4DF73C21246DC200C6E9F7 /* LocationViewController.m */ = {isa = PBXFileReference; fileEncoding = 4; lastKnownFileType = sourcecode.c.objc; name = LocationViewController.m; path = simple/LocationModule/View/LocationViewController.m; sourceTree = SOURCE_ROOT; };
		CE4DF74021246F7100C6E9F7 /* FriendConnectViewController.h */ = {isa = PBXFileReference; fileEncoding = 4; lastKnownFileType = sourcecode.c.h; path = FriendConnectViewController.h; sourceTree = "<group>"; };
		CE4DF74121246F7100C6E9F7 /* FriendConnectViewController.m */ = {isa = PBXFileReference; fileEncoding = 4; lastKnownFileType = sourcecode.c.objc; path = FriendConnectViewController.m; sourceTree = "<group>"; };
		CE4DF74421247B8900C6E9F7 /* WireframeViewController.h */ = {isa = PBXFileReference; lastKnownFileType = sourcecode.c.h; path = WireframeViewController.h; sourceTree = "<group>"; };
		CE4DF74521247B8900C6E9F7 /* WireframeViewController.m */ = {isa = PBXFileReference; lastKnownFileType = sourcecode.c.objc; path = WireframeViewController.m; sourceTree = "<group>"; };
		CE598E3D21380B6800306488 /* IDViewController.h */ = {isa = PBXFileReference; fileEncoding = 4; lastKnownFileType = sourcecode.c.h; path = IDViewController.h; sourceTree = "<group>"; };
		CE598E3E21380B6800306488 /* IDViewController.m */ = {isa = PBXFileReference; fileEncoding = 4; lastKnownFileType = sourcecode.c.objc; path = IDViewController.m; sourceTree = "<group>"; };
		CE598E4021380B8300306488 /* IDVerify.storyboard */ = {isa = PBXFileReference; lastKnownFileType = file.storyboard; path = IDVerify.storyboard; sourceTree = "<group>"; };
		CE603A46211DA4C4006E95F3 /* MXCardsSwipingView.m */ = {isa = PBXFileReference; fileEncoding = 4; lastKnownFileType = sourcecode.c.objc; path = MXCardsSwipingView.m; sourceTree = "<group>"; };
		CE603A47211DA4C4006E95F3 /* MXCardsSwipingView.h */ = {isa = PBXFileReference; fileEncoding = 4; lastKnownFileType = sourcecode.c.h; path = MXCardsSwipingView.h; sourceTree = "<group>"; };
		CE6A2B6E212C5BD400766A39 /* GettingForFriendSwipingViewController.h */ = {isa = PBXFileReference; lastKnownFileType = sourcecode.c.h; path = GettingForFriendSwipingViewController.h; sourceTree = "<group>"; };
		CE6A2B6F212C5BD400766A39 /* GettingForFriendSwipingViewController.m */ = {isa = PBXFileReference; lastKnownFileType = sourcecode.c.objc; path = GettingForFriendSwipingViewController.m; sourceTree = "<group>"; };
		CE6A2B71212C5BF300766A39 /* GettingForFriendSwiping.storyboard */ = {isa = PBXFileReference; lastKnownFileType = file.storyboard; path = GettingForFriendSwiping.storyboard; sourceTree = "<group>"; };
		CE7A35052146F34C00973CB8 /* Chat.storyboard */ = {isa = PBXFileReference; fileEncoding = 4; lastKnownFileType = file.storyboard; path = Chat.storyboard; sourceTree = "<group>"; };
		CE7A35072146F34D00973CB8 /* MessageModal.h */ = {isa = PBXFileReference; fileEncoding = 4; lastKnownFileType = sourcecode.c.h; path = MessageModal.h; sourceTree = "<group>"; };
		CE7A35092146F34D00973CB8 /* ChatController.h */ = {isa = PBXFileReference; fileEncoding = 4; lastKnownFileType = sourcecode.c.h; path = ChatController.h; sourceTree = "<group>"; };
		CE7A350A2146F34D00973CB8 /* ChatController.m */ = {isa = PBXFileReference; fileEncoding = 4; lastKnownFileType = sourcecode.c.objc; path = ChatController.m; sourceTree = "<group>"; };
		CE7A350B2146F34D00973CB8 /* MessageModal.m */ = {isa = PBXFileReference; fileEncoding = 4; lastKnownFileType = sourcecode.c.objc; path = MessageModal.m; sourceTree = "<group>"; };
		CE7A351721470D9900973CB8 /* MatchProfileViewController.h */ = {isa = PBXFileReference; lastKnownFileType = sourcecode.c.h; path = MatchProfileViewController.h; sourceTree = "<group>"; };
		CE7A351821470D9900973CB8 /* MatchProfileViewController.m */ = {isa = PBXFileReference; lastKnownFileType = sourcecode.c.objc; path = MatchProfileViewController.m; sourceTree = "<group>"; };
		CE7A351A214711B300973CB8 /* MProfile.storyboard */ = {isa = PBXFileReference; lastKnownFileType = file.storyboard; path = MProfile.storyboard; sourceTree = "<group>"; };
		CE900CB321251E8B00503AF3 /* AddingFriend.storyboard */ = {isa = PBXFileReference; lastKnownFileType = file.storyboard; path = AddingFriend.storyboard; sourceTree = "<group>"; };
		CEAFBC9A21549115009BE456 /* FirebaseViewController.h */ = {isa = PBXFileReference; lastKnownFileType = sourcecode.c.h; path = FirebaseViewController.h; sourceTree = "<group>"; };
		CEAFBC9B21549115009BE456 /* FirebaseViewController.m */ = {isa = PBXFileReference; lastKnownFileType = sourcecode.c.objc; path = FirebaseViewController.m; sourceTree = "<group>"; };
		CEAFBCA121551344009BE456 /* Utilities.h */ = {isa = PBXFileReference; lastKnownFileType = sourcecode.c.h; path = Utilities.h; sourceTree = "<group>"; };
		CEAFBCA221551344009BE456 /* Utilities.m */ = {isa = PBXFileReference; lastKnownFileType = sourcecode.c.objc; path = Utilities.m; sourceTree = "<group>"; };
		CEB28724211388A900C51670 /* Korte.app */ = {isa = PBXFileReference; explicitFileType = wrapper.application; includeInIndex = 0; path = Korte.app; sourceTree = BUILT_PRODUCTS_DIR; };
		CEB28727211388A900C51670 /* AppDelegate.h */ = {isa = PBXFileReference; lastKnownFileType = sourcecode.c.h; path = AppDelegate.h; sourceTree = "<group>"; };
		CEB28728211388A900C51670 /* AppDelegate.m */ = {isa = PBXFileReference; lastKnownFileType = sourcecode.c.objc; path = AppDelegate.m; sourceTree = "<group>"; };
		CEB28731211388A900C51670 /* simple.xcdatamodel */ = {isa = PBXFileReference; lastKnownFileType = wrapper.xcdatamodel; path = simple.xcdatamodel; sourceTree = "<group>"; };
		CEB28733211388BA00C51670 /* Assets.xcassets */ = {isa = PBXFileReference; lastKnownFileType = folder.assetcatalog; path = Assets.xcassets; sourceTree = "<group>"; };
		CEB28738211388BA00C51670 /* Info.plist */ = {isa = PBXFileReference; lastKnownFileType = text.plist.xml; path = Info.plist; sourceTree = "<group>"; };
		CEB28739211388BA00C51670 /* main.m */ = {isa = PBXFileReference; lastKnownFileType = sourcecode.c.objc; path = main.m; sourceTree = "<group>"; };
		CEB28744211391FC00C51670 /* MXViewController.m */ = {isa = PBXFileReference; fileEncoding = 4; lastKnownFileType = sourcecode.c.objc; path = MXViewController.m; sourceTree = "<group>"; };
		CEB28745211391FC00C51670 /* MXViewController.h */ = {isa = PBXFileReference; fileEncoding = 4; lastKnownFileType = sourcecode.c.h; path = MXViewController.h; sourceTree = "<group>"; };
		CEB287472113925A00C51670 /* MXMemberCardView.m */ = {isa = PBXFileReference; fileEncoding = 4; lastKnownFileType = sourcecode.c.objc; path = MXMemberCardView.m; sourceTree = "<group>"; };
		CEB287482113925A00C51670 /* MXMemberCardView.h */ = {isa = PBXFileReference; fileEncoding = 4; lastKnownFileType = sourcecode.c.h; path = MXMemberCardView.h; sourceTree = "<group>"; };
		CEB287632113F50E00C51670 /* SplashViewController.h */ = {isa = PBXFileReference; lastKnownFileType = sourcecode.c.h; path = SplashViewController.h; sourceTree = "<group>"; };
		CEB287642113F50E00C51670 /* SplashViewController.m */ = {isa = PBXFileReference; lastKnownFileType = sourcecode.c.objc; path = SplashViewController.m; sourceTree = "<group>"; };
		CEB287682113F6DC00C51670 /* Splash.storyboard */ = {isa = PBXFileReference; fileEncoding = 4; lastKnownFileType = file.storyboard; path = Splash.storyboard; sourceTree = "<group>"; };
		CEB2876E211432C700C51670 /* Base */ = {isa = PBXFileReference; lastKnownFileType = file.storyboard; name = Base; path = ../../flirtar/FlirtARViper/Base.lproj/LaunchScreen.storyboard; sourceTree = "<group>"; };
		CEB6FC8F21214488003A7E69 /* AddConnectViewController.h */ = {isa = PBXFileReference; lastKnownFileType = sourcecode.c.h; path = AddConnectViewController.h; sourceTree = "<group>"; };
		CEB6FC9021214488003A7E69 /* AddConnectViewController.m */ = {isa = PBXFileReference; lastKnownFileType = sourcecode.c.objc; path = AddConnectViewController.m; sourceTree = "<group>"; };
		CEB6FC922121A0D5003A7E69 /* AddConnectScreen.storyboard */ = {isa = PBXFileReference; lastKnownFileType = file.storyboard; path = AddConnectScreen.storyboard; sourceTree = "<group>"; };
		CEBA56B7214828320025C87A /* SBSliderView.h */ = {isa = PBXFileReference; fileEncoding = 4; lastKnownFileType = sourcecode.c.h; path = SBSliderView.h; sourceTree = "<group>"; };
		CEBA56B8214828320025C87A /* SBSliderView.m */ = {isa = PBXFileReference; fileEncoding = 4; lastKnownFileType = sourcecode.c.objc; path = SBSliderView.m; sourceTree = "<group>"; };
		CEBA56B9214828320025C87A /* SBSliderView.xib */ = {isa = PBXFileReference; fileEncoding = 4; lastKnownFileType = file.xib; path = SBSliderView.xib; sourceTree = "<group>"; };
		CEC7CF302150B18600A8D221 /* MeQuestion.storyboard */ = {isa = PBXFileReference; lastKnownFileType = file.storyboard; path = MeQuestion.storyboard; sourceTree = "<group>"; };
		CEC7CF322150B30300A8D221 /* MeQuestionViewController.h */ = {isa = PBXFileReference; lastKnownFileType = sourcecode.c.h; path = MeQuestionViewController.h; sourceTree = "<group>"; };
		CEC7CF332150B30300A8D221 /* MeQuestionViewController.m */ = {isa = PBXFileReference; lastKnownFileType = sourcecode.c.objc; path = MeQuestionViewController.m; sourceTree = "<group>"; };
		CEDF2A59212A90FD0046D01E /* Matches.storyboard */ = {isa = PBXFileReference; lastKnownFileType = file.storyboard; path = Matches.storyboard; sourceTree = "<group>"; };
		CEE321FB21568F44007A8E08 /* Korte.entitlements */ = {isa = PBXFileReference; lastKnownFileType = text.plist.entitlements; path = Korte.entitlements; sourceTree = "<group>"; };
		CEE321FC21569D0A007A8E08 /* GoogleService-Info.plist */ = {isa = PBXFileReference; fileEncoding = 4; lastKnownFileType = text.plist.xml; path = "GoogleService-Info.plist"; sourceTree = "<group>"; };
/* End PBXFileReference section */

/* Begin PBXFrameworksBuildPhase section */
		CEB28721211388A900C51670 /* Frameworks */ = {
			isa = PBXFrameworksBuildPhase;
			buildActionMask = 2147483647;
			files = (
				2287A49515E261FA5ACBECE0 /* Pods_Korte.framework in Frameworks */,
				CE3480BF21493428005F33FB /* FBSDKCoreKit.framework in Frameworks */,
				CE3480C021493428005F33FB /* FBSDKLoginKit.framework in Frameworks */,
				CE3480BE21493428005F33FB /* Bolts.framework in Frameworks */,
			);
			runOnlyForDeploymentPostprocessing = 0;
		};
/* End PBXFrameworksBuildPhase section */

/* Begin PBXGroup section */
		559FE5F51B1CCD4D6D384768 /* Pods */ = {
			isa = PBXGroup;
			children = (
				A84CCF3D273BAACCEC0F3DEE /* Pods-Korte.debug.xcconfig */,
				0ABF510862DA2D2117C0BAC0 /* Pods-Korte.release.xcconfig */,
			);
			name = Pods;
			sourceTree = "<group>";
		};
		CE09C2282152648900DF5291 /* HTKDragAndDropCollectionViewLayout */ = {
			isa = PBXGroup;
			children = (
				CE09C2292152648900DF5291 /* HTKDragAndDropCollectionViewController.h */,
				CE09C22A2152648900DF5291 /* HTKDragAndDropCollectionViewController.m */,
				CE09C22B2152648900DF5291 /* HTKDragAndDropCollectionViewLayout.h */,
				CE09C22C2152648900DF5291 /* HTKDragAndDropCollectionViewLayout.m */,
				CE09C22D2152648900DF5291 /* HTKDragAndDropCollectionViewLayoutConstants.h */,
				CE09C22E2152648900DF5291 /* HTKDraggableCollectionViewCell.h */,
				CE09C22F2152648900DF5291 /* HTKDraggableCollectionViewCell.m */,
			);
			path = HTKDragAndDropCollectionViewLayout;
			sourceTree = "<group>";
		};
		CE1778A4213FEE0000764C3B /* font */ = {
			isa = PBXGroup;
			children = (
				CE1778A6213FEEFB00764C3B /* gothamroundedmedium_21022.ttf */,
				CE1778A821402C4E00764C3B /* GothamRoundedBold_21016.ttf */,
				CE1778AA21406BFA00764C3B /* GothamRoundedBook_21018.ttf */,
			);
			path = font;
			sourceTree = "<group>";
		};
		CE1CCF56211B017900AD8701 /* SubModules */ = {
			isa = PBXGroup;
			children = (
				CE4DF74321247B4600C6E9F7 /* WireFrame */,
				CE4DF73F21246F4900C6E9F7 /* FriendConnect */,
				CE3D2BCD211C7C2B005DE85C /* AddConnect */,
				CE3BCEF32116A41800706FD1 /* MenuControll */,
			);
			path = SubModules;
			sourceTree = "<group>";
		};
		CE1FC6D3212F28B50094C0E9 /* GettingForMeSwipingModule */ = {
			isa = PBXGroup;
			children = (
				CE1FC6D4212F28B50094C0E9 /* View */,
			);
			path = GettingForMeSwipingModule;
			sourceTree = "<group>";
		};
		CE1FC6D4212F28B50094C0E9 /* View */ = {
			isa = PBXGroup;
			children = (
				CE1FC6D5212F28B50094C0E9 /* MeTableViewCell.h */,
				CE1FC6D6212F28B50094C0E9 /* MeTableViewCell.m */,
				CE1FC6D7212F28B50094C0E9 /* GettingForMeSwiping.storyboard */,
				CE1FC6D8212F28B50094C0E9 /* GettingForMeSwipingViewController.h */,
				CE1FC6D9212F28B50094C0E9 /* GettingForMeSwipingViewController.m */,
			);
			path = View;
			sourceTree = "<group>";
		};
		CE27DE6D2119B79B00F5B1C2 /* LocationModule */ = {
			isa = PBXGroup;
			children = (
				CE4DF73921246D8F00C6E9F7 /* View */,
			);
			path = LocationModule;
			sourceTree = "<group>";
		};
		CE3480BA21493428005F33FB /* fbSDK */ = {
			isa = PBXGroup;
			children = (
				CE3480BB21493428005F33FB /* Bolts.framework */,
				CE3480BC21493428005F33FB /* FBSDKCoreKit.framework */,
				CE3480BD21493428005F33FB /* FBSDKLoginKit.framework */,
			);
			path = fbSDK;
			sourceTree = "<group>";
		};
		CE3480C1214A35A1005F33FB /* PDKeychainBindingsController */ = {
			isa = PBXGroup;
			children = (
				CE3480C2214A35A1005F33FB /* PDKeychainBindings.h */,
				CE3480C3214A35A1005F33FB /* PDKeychainBindings.m */,
				CE3480C4214A35A1005F33FB /* PDKeychainBindingsController.h */,
				CE3480C5214A35A1005F33FB /* PDKeychainBindingsController.m */,
			);
			path = PDKeychainBindingsController;
			sourceTree = "<group>";
		};
		CE3BCEE921168CA600706FD1 /* ProfileModule */ = {
			isa = PBXGroup;
			children = (
				CE3BCEEA21168CCA00706FD1 /* View */,
			);
			path = ProfileModule;
			sourceTree = "<group>";
		};
		CE3BCEEA21168CCA00706FD1 /* View */ = {
			isa = PBXGroup;
			children = (
				CE3BCEEB21168CEB00706FD1 /* Profile.storyboard */,
				CE3BCEF021169B6A00706FD1 /* ProfileViewController.h */,
				CE3BCEF121169B6A00706FD1 /* ProfileViewController.m */,
				CE09C21A215218B200DF5291 /* ProfileCollectionViewCell.h */,
				CE09C21B215218B200DF5291 /* ProfileCollectionViewCell.m */,
				CE09C2352152A4D900DF5291 /* ProfileCollectionViewController.h */,
				CE09C2362152A4DA00DF5291 /* ProfileCollectionViewController.m */,
			);
			path = View;
			sourceTree = "<group>";
		};
		CE3BCEF32116A41800706FD1 /* MenuControll */ = {
			isa = PBXGroup;
			children = (
				CE1CCF53211AFFB800AD8701 /* BasicMenuController.h */,
				CE1CCF54211AFFB800AD8701 /* BasicMenuController.m */,
			);
			path = MenuControll;
			sourceTree = "<group>";
		};
		CE3D2BCD211C7C2B005DE85C /* AddConnect */ = {
			isa = PBXGroup;
			children = (
				CE3D2BCE211C7C5F005DE85C /* AddingViewController.h */,
				CE3D2BCF211C7C5F005DE85C /* AddingViewController.m */,
			);
			path = AddConnect;
			sourceTree = "<group>";
		};
		CE47908C2140D97B004DA76F /* MSCMoreOptionTableViewCell */ = {
			isa = PBXGroup;
			children = (
				CE47908E2140D97B004DA76F /* MSCMoreOptionTableViewCell.h */,
				CE47908F2140D97B004DA76F /* MSCMoreOptionTableViewCell.m */,
				CE4790902140D97B004DA76F /* MSCMoreOptionTableViewCellDelegate.h */,
			);
			path = MSCMoreOptionTableViewCell;
			sourceTree = "<group>";
		};
		CE47909B21423303004DA76F /* CollectionCellCricleLayout */ = {
			isa = PBXGroup;
			children = (
				CE47909D21423328004DA76F /* DSCircularLayout.h */,
				CE47909C21423328004DA76F /* DSCircularLayout.m */,
			);
			path = CollectionCellCricleLayout;
			sourceTree = "<group>";
		};
		CE4DF71F2123E2B500C6E9F7 /* FriendConnect */ = {
			isa = PBXGroup;
			children = (
				CE4DF736212445E000C6E9F7 /* SwipingTrainModule */,
				CE4DF7202123E32E00C6E9F7 /* View */,
			);
			path = FriendConnect;
			sourceTree = "<group>";
		};
		CE4DF7202123E32E00C6E9F7 /* View */ = {
			isa = PBXGroup;
			children = (
				CE4DF72C21243C1900C6E9F7 /* OnCard.h */,
				CE4DF72D21243C1900C6E9F7 /* OnCard.m */,
				CE4DF72A21243C1800C6E9F7 /* AddingFriendViewController.h */,
				CE4DF72B21243C1900C6E9F7 /* AddingFriendViewController.m */,
				CE900CB321251E8B00503AF3 /* AddingFriend.storyboard */,
			);
			path = View;
			sourceTree = "<group>";
		};
		CE4DF736212445E000C6E9F7 /* SwipingTrainModule */ = {
			isa = PBXGroup;
			children = (
			);
			path = SwipingTrainModule;
			sourceTree = "<group>";
		};
		CE4DF73921246D8F00C6E9F7 /* View */ = {
			isa = PBXGroup;
			children = (
				CE4DF73A21246DC200C6E9F7 /* Location.storyboard */,
				CE4DF73B21246DC200C6E9F7 /* LocationViewController.h */,
				CE4DF73C21246DC200C6E9F7 /* LocationViewController.m */,
			);
			name = View;
			path = "New Group";
			sourceTree = "<group>";
		};
		CE4DF73F21246F4900C6E9F7 /* FriendConnect */ = {
			isa = PBXGroup;
			children = (
				CE4DF74021246F7100C6E9F7 /* FriendConnectViewController.h */,
				CE4DF74121246F7100C6E9F7 /* FriendConnectViewController.m */,
			);
			path = FriendConnect;
			sourceTree = "<group>";
		};
		CE4DF74321247B4600C6E9F7 /* WireFrame */ = {
			isa = PBXGroup;
			children = (
				CE4DF74421247B8900C6E9F7 /* WireframeViewController.h */,
				CE4DF74521247B8900C6E9F7 /* WireframeViewController.m */,
			);
			path = WireFrame;
			sourceTree = "<group>";
		};
		CE598E3C2138097C00306488 /* IDVerifyModule */ = {
			isa = PBXGroup;
			children = (
				CEC440802138503E00D678F7 /* View */,
			);
			path = IDVerifyModule;
			sourceTree = "<group>";
		};
		CE603A42211DA424006E95F3 /* MXCardsSwipingView */ = {
			isa = PBXGroup;
			children = (
				CE603A47211DA4C4006E95F3 /* MXCardsSwipingView.h */,
				CE603A46211DA4C4006E95F3 /* MXCardsSwipingView.m */,
			);
			path = MXCardsSwipingView;
			sourceTree = "<group>";
		};
		CE6A2B6C212C5B6A00766A39 /* GettingForFriendSwipingModule */ = {
			isa = PBXGroup;
			children = (
				CE6A2B6D212C5B8B00766A39 /* View */,
			);
			path = GettingForFriendSwipingModule;
			sourceTree = "<group>";
		};
		CE6A2B6D212C5B8B00766A39 /* View */ = {
			isa = PBXGroup;
			children = (
				CE6A2B6E212C5BD400766A39 /* GettingForFriendSwipingViewController.h */,
				CE6A2B6F212C5BD400766A39 /* GettingForFriendSwipingViewController.m */,
				CE6A2B71212C5BF300766A39 /* GettingForFriendSwiping.storyboard */,
				CE1FC6CE212EF0820094C0E9 /* FriendsTableViewCell.h */,
				CE1FC6CF212EF0820094C0E9 /* FriendsTableViewCell.m */,
			);
			path = View;
			sourceTree = "<group>";
		};
		CE7A35042146F2E600973CB8 /* ChatModule */ = {
			isa = PBXGroup;
			children = (
				CE7A351C2147120D00973CB8 /* View */,
			);
			path = ChatModule;
			sourceTree = "<group>";
		};
		CE7A351621470D4400973CB8 /* MatchProfile */ = {
			isa = PBXGroup;
			children = (
				CEBA56B6214828320025C87A /* SBSlider */,
				CE7A351721470D9900973CB8 /* MatchProfileViewController.h */,
				CE7A351821470D9900973CB8 /* MatchProfileViewController.m */,
				CE7A351A214711B300973CB8 /* MProfile.storyboard */,
			);
			path = MatchProfile;
			sourceTree = "<group>";
		};
		CE7A351C2147120D00973CB8 /* View */ = {
			isa = PBXGroup;
			children = (
				CE7A35052146F34C00973CB8 /* Chat.storyboard */,
				CE7A35072146F34D00973CB8 /* MessageModal.h */,
				CE7A350B2146F34D00973CB8 /* MessageModal.m */,
				CE7A35092146F34D00973CB8 /* ChatController.h */,
				CE7A350A2146F34D00973CB8 /* ChatController.m */,
			);
			path = View;
			sourceTree = "<group>";
		};
		CE7B4CBF2131A9CD00BA425C /* GettingSwipingModule */ = {
			isa = PBXGroup;
			children = (
				CE1FC6D3212F28B50094C0E9 /* GettingForMeSwipingModule */,
				CE6A2B6C212C5B6A00766A39 /* GettingForFriendSwipingModule */,
			);
			path = GettingSwipingModule;
			sourceTree = "<group>";
		};
		CEAFBC99215490B1009BE456 /* FirebaseModule */ = {
			isa = PBXGroup;
			children = (
				CEAFBC9A21549115009BE456 /* FirebaseViewController.h */,
				CEAFBC9B21549115009BE456 /* FirebaseViewController.m */,
			);
			path = FirebaseModule;
			sourceTree = "<group>";
		};
		CEB2871B211388A900C51670 = {
			isa = PBXGroup;
			children = (
				CEE321FB21568F44007A8E08 /* Korte.entitlements */,
				CEB28726211388A900C51670 /* simple */,
				CEB28725211388A900C51670 /* Products */,
				559FE5F51B1CCD4D6D384768 /* Pods */,
				F31264CEEE5F93D74C187B73 /* Frameworks */,
			);
			sourceTree = "<group>";
		};
		CEB28725211388A900C51670 /* Products */ = {
			isa = PBXGroup;
			children = (
				CEB28724211388A900C51670 /* Korte.app */,
			);
			name = Products;
			sourceTree = "<group>";
		};
		CEB28726211388A900C51670 /* simple */ = {
			isa = PBXGroup;
			children = (
				CE7A351621470D4400973CB8 /* MatchProfile */,
				CE7A35042146F2E600973CB8 /* ChatModule */,
				CE1778A4213FEE0000764C3B /* font */,
				CE598E3C2138097C00306488 /* IDVerifyModule */,
				CE7B4CBF2131A9CD00BA425C /* GettingSwipingModule */,
				CEDF2A58212A8EE30046D01E /* MatchesModule */,
				CE4DF71F2123E2B500C6E9F7 /* FriendConnect */,
				CEB6FC8D21214457003A7E69 /* AddConnectModule */,
				CE27DE75211A2FCA00F5B1C2 /* data */,
				CE27DE6D2119B79B00F5B1C2 /* LocationModule */,
				CE3BCEE921168CA600706FD1 /* ProfileModule */,
				CEB2876A21142F5C00C51670 /* Common */,
				CEB2875A21139F2B00C51670 /* loginModule */,
				CEB28742211391D400C51670 /* TinderModule */,
				CEB28727211388A900C51670 /* AppDelegate.h */,
				CEB28728211388A900C51670 /* AppDelegate.m */,
				CEB28733211388BA00C51670 /* Assets.xcassets */,
				CEB28738211388BA00C51670 /* Info.plist */,
				CEE321FC21569D0A007A8E08 /* GoogleService-Info.plist */,
				CEB2876D211432C700C51670 /* LaunchScreen.storyboard */,
				CEB28739211388BA00C51670 /* main.m */,
				CEB28730211388A900C51670 /* simple.xcdatamodeld */,
			);
			path = simple;
			sourceTree = "<group>";
		};
		CEB28742211391D400C51670 /* TinderModule */ = {
			isa = PBXGroup;
			children = (
				CEC7CF2F2150B13E00A8D221 /* QuestionModule */,
				CEB28743211391E300C51670 /* View */,
			);
			path = TinderModule;
			sourceTree = "<group>";
		};
		CEB28743211391E300C51670 /* View */ = {
			isa = PBXGroup;
			children = (
				CEB287482113925A00C51670 /* MXMemberCardView.h */,
				CEB287472113925A00C51670 /* MXMemberCardView.m */,
				CEB28745211391FC00C51670 /* MXViewController.h */,
				CEB28744211391FC00C51670 /* MXViewController.m */,
			);
			path = View;
			sourceTree = "<group>";
		};
		CEB2875A21139F2B00C51670 /* loginModule */ = {
			isa = PBXGroup;
			children = (
				CEB287632113F50E00C51670 /* SplashViewController.h */,
				CEB287642113F50E00C51670 /* SplashViewController.m */,
				CEB287682113F6DC00C51670 /* Splash.storyboard */,
			);
			path = loginModule;
			sourceTree = "<group>";
		};
		CEB2876A21142F5C00C51670 /* Common */ = {
			isa = PBXGroup;
			children = (
				CEAFBC99215490B1009BE456 /* FirebaseModule */,
				CE09C2282152648900DF5291 /* HTKDragAndDropCollectionViewLayout */,
				CE3480C1214A35A1005F33FB /* PDKeychainBindingsController */,
				CE3480BA21493428005F33FB /* fbSDK */,
				CE47909B21423303004DA76F /* CollectionCellCricleLayout */,
				CE47908C2140D97B004DA76F /* MSCMoreOptionTableViewCell */,
				CE603A42211DA424006E95F3 /* MXCardsSwipingView */,
				CE1CCF56211B017900AD8701 /* SubModules */,
				CE3D333D2118F54400FE970D /* Utiliti2es.h */,
				CEAFBCA121551344009BE456 /* Utilities.h */,
				CEAFBCA221551344009BE456 /* Utilities.m */,
			);
			path = Common;
			sourceTree = "<group>";
		};
		CEB6FC8D21214457003A7E69 /* AddConnectModule */ = {
			isa = PBXGroup;
			children = (
				CEB6FC8E2121446D003A7E69 /* View */,
			);
			path = AddConnectModule;
			sourceTree = "<group>";
		};
		CEB6FC8E2121446D003A7E69 /* View */ = {
			isa = PBXGroup;
			children = (
				CEB6FC8F21214488003A7E69 /* AddConnectViewController.h */,
				CEB6FC9021214488003A7E69 /* AddConnectViewController.m */,
				CEB6FC922121A0D5003A7E69 /* AddConnectScreen.storyboard */,
				CE47909F21424956004DA76F /* FriendCollectionViewCell.h */,
				CE4790A021424956004DA76F /* FriendCollectionViewCell.m */,
			);
			path = View;
			sourceTree = "<group>";
		};
		CEBA56B6214828320025C87A /* SBSlider */ = {
			isa = PBXGroup;
			children = (
				CEBA56B7214828320025C87A /* SBSliderView.h */,
				CEBA56B8214828320025C87A /* SBSliderView.m */,
				CEBA56B9214828320025C87A /* SBSliderView.xib */,
			);
			path = SBSlider;
			sourceTree = "<group>";
		};
		CEC440802138503E00D678F7 /* View */ = {
			isa = PBXGroup;
			children = (
				CE598E3D21380B6800306488 /* IDViewController.h */,
				CE598E3E21380B6800306488 /* IDViewController.m */,
				CE598E4021380B8300306488 /* IDVerify.storyboard */,
			);
			path = View;
			sourceTree = "<group>";
		};
		CEC7CF2F2150B13E00A8D221 /* QuestionModule */ = {
			isa = PBXGroup;
			children = (
				CEC7CF302150B18600A8D221 /* MeQuestion.storyboard */,
				CEC7CF322150B30300A8D221 /* MeQuestionViewController.h */,
				CEC7CF332150B30300A8D221 /* MeQuestionViewController.m */,
			);
			path = QuestionModule;
			sourceTree = "<group>";
		};
		CEDF2A58212A8EE30046D01E /* MatchesModule */ = {
			isa = PBXGroup;
			children = (
				CEDF2A5B212A911E0046D01E /* view */,
			);
			path = MatchesModule;
			sourceTree = "<group>";
		};
		CEDF2A5B212A911E0046D01E /* view */ = {
			isa = PBXGroup;
			children = (
				CEDF2A59212A90FD0046D01E /* Matches.storyboard */,
				CE18E2B2212AE081004CACDB /* MatchesViewController.h */,
				CE18E2B3212AE081004CACDB /* MatchesViewController.m */,
			);
			path = view;
			sourceTree = "<group>";
		};
		F31264CEEE5F93D74C187B73 /* Frameworks */ = {
			isa = PBXGroup;
			children = (
				66FBA8ABA9919E614E71EAC5 /* Pods_Korte.framework */,
			);
			name = Frameworks;
			sourceTree = "<group>";
		};
/* End PBXGroup section */

/* Begin PBXNativeTarget section */
		CEB28723211388A900C51670 /* Korte */ = {
			isa = PBXNativeTarget;
			buildConfigurationList = CEB2873D211388BA00C51670 /* Build configuration list for PBXNativeTarget "Korte" */;
			buildPhases = (
				0E1174D323B0D9023667400C /* [CP] Check Pods Manifest.lock */,
				CEB28720211388A900C51670 /* Sources */,
				CEB28721211388A900C51670 /* Frameworks */,
				CEB28722211388A900C51670 /* Resources */,
				F98689981D0F9ACB8713665B /* [CP] Copy Pods Resources */,
				980D71903DAC754CD63099D6 /* [CP] Embed Pods Frameworks */,
			);
			buildRules = (
			);
			dependencies = (
			);
			name = Korte;
			productName = simple;
			productReference = CEB28724211388A900C51670 /* Korte.app */;
			productType = "com.apple.product-type.application";
		};
/* End PBXNativeTarget section */

/* Begin PBXProject section */
		CEB2871C211388A900C51670 /* Project object */ = {
			isa = PBXProject;
			attributes = {
				LastUpgradeCheck = 0940;
				ORGANIZATIONNAME = Peace;
				TargetAttributes = {
					CEB28723211388A900C51670 = {
						CreatedOnToolsVersion = 9.4.1;
						LastSwiftMigration = 0940;
						SystemCapabilities = {
							com.apple.Push = {
								enabled = 1;
							};
						};
					};
				};
			};
			buildConfigurationList = CEB2871F211388A900C51670 /* Build configuration list for PBXProject "Korte" */;
			compatibilityVersion = "Xcode 9.3";
			developmentRegion = en;
			hasScannedForEncodings = 0;
			knownRegions = (
				en,
				Base,
			);
			mainGroup = CEB2871B211388A900C51670;
			productRefGroup = CEB28725211388A900C51670 /* Products */;
			projectDirPath = "";
			projectRoot = "";
			targets = (
				CEB28723211388A900C51670 /* Korte */,
			);
		};
/* End PBXProject section */

/* Begin PBXResourcesBuildPhase section */
		CEB28722211388A900C51670 /* Resources */ = {
			isa = PBXResourcesBuildPhase;
			buildActionMask = 2147483647;
			files = (
				CEBA56BB214828320025C87A /* SBSliderView.xib in Resources */,
				CE1778A921402C6C00764C3B /* GothamRoundedBold_21016.ttf in Resources */,
				CE598E4121380B8300306488 /* IDVerify.storyboard in Resources */,
				CE7A351B214711B300973CB8 /* MProfile.storyboard in Resources */,
				CEC7CF312150B18600A8D221 /* MeQuestion.storyboard in Resources */,
				CE1778AB21406BFF00764C3B /* GothamRoundedBook_21018.ttf in Resources */,
				CEB28734211388BA00C51670 /* Assets.xcassets in Resources */,
				CE3BCEEC21168CEB00706FD1 /* Profile.storyboard in Resources */,
				CEB2876F211432C700C51670 /* LaunchScreen.storyboard in Resources */,
				CEB6FC932121A0D5003A7E69 /* AddConnectScreen.storyboard in Resources */,
				CE4DF73D21246DC200C6E9F7 /* Location.storyboard in Resources */,
				CE6A2B72212C5BF300766A39 /* GettingForFriendSwiping.storyboard in Resources */,
				CE900CB421251E8B00503AF3 /* AddingFriend.storyboard in Resources */,
				CEDF2A5A212A90FD0046D01E /* Matches.storyboard in Resources */,
				CE7A350C2146F34D00973CB8 /* Chat.storyboard in Resources */,
				CE1778A7213FEF2700764C3B /* gothamroundedmedium_21022.ttf in Resources */,
				CE27DE76211A2FCB00F5B1C2 /* data in Resources */,
				CEE321FD21569D0A007A8E08 /* GoogleService-Info.plist in Resources */,
				CE1FC6DB212F28B50094C0E9 /* GettingForMeSwiping.storyboard in Resources */,
				CEB287692113F6DD00C51670 /* Splash.storyboard in Resources */,
			);
			runOnlyForDeploymentPostprocessing = 0;
		};
/* End PBXResourcesBuildPhase section */

/* Begin PBXShellScriptBuildPhase section */
		0E1174D323B0D9023667400C /* [CP] Check Pods Manifest.lock */ = {
			isa = PBXShellScriptBuildPhase;
			buildActionMask = 2147483647;
			files = (
			);
			inputPaths = (
				"${PODS_PODFILE_DIR_PATH}/Podfile.lock",
				"${PODS_ROOT}/Manifest.lock",
			);
			name = "[CP] Check Pods Manifest.lock";
			outputPaths = (
				"$(DERIVED_FILE_DIR)/Pods-Korte-checkManifestLockResult.txt",
			);
			runOnlyForDeploymentPostprocessing = 0;
			shellPath = /bin/sh;
			shellScript = "diff \"${PODS_PODFILE_DIR_PATH}/Podfile.lock\" \"${PODS_ROOT}/Manifest.lock\" > /dev/null\nif [ $? != 0 ] ; then\n    # print error to STDERR\n    echo \"error: The sandbox is not in sync with the Podfile.lock. Run 'pod install' or update your CocoaPods installation.\" >&2\n    exit 1\nfi\n# This output is used by Xcode 'outputs' to avoid re-running this script phase.\necho \"SUCCESS\" > \"${SCRIPT_OUTPUT_FILE_0}\"\n";
			showEnvVarsInLog = 0;
		};
		980D71903DAC754CD63099D6 /* [CP] Embed Pods Frameworks */ = {
			isa = PBXShellScriptBuildPhase;
			buildActionMask = 2147483647;
			files = (
			);
			inputPaths = (
				"${SRCROOT}/Pods/Target Support Files/Pods-Korte/Pods-Korte-frameworks.sh",
				"${BUILT_PRODUCTS_DIR}/AWSCore/AWSCore.framework",
				"${BUILT_PRODUCTS_DIR}/AWSKinesis/AWSKinesis.framework",
				"${PODS_ROOT}/AffdexSDK-iOS/ios/Affdex.framework",
				"${BUILT_PRODUCTS_DIR}/GTMSessionFetcher/GTMSessionFetcher.framework",
				"${BUILT_PRODUCTS_DIR}/GoogleUtilities/GoogleUtilities.framework",
				"${BUILT_PRODUCTS_DIR}/LSFloatingActionMenu/LSFloatingActionMenu.framework",
				"${BUILT_PRODUCTS_DIR}/MGCollapsingHeader/MGCollapsingHeader.framework",
				"${BUILT_PRODUCTS_DIR}/MKDropdownMenu/MKDropdownMenu.framework",
				"${BUILT_PRODUCTS_DIR}/Protobuf/Protobuf.framework",
				"${BUILT_PRODUCTS_DIR}/SCLAlertView-Objective-C/SCLAlertView_Objective_C.framework",
				"${BUILT_PRODUCTS_DIR}/Switch/Switch.framework",
				"${BUILT_PRODUCTS_DIR}/TTRangeSlider/TTRangeSlider.framework",
				"${BUILT_PRODUCTS_DIR}/Unirest/Unirest.framework",
				"${BUILT_PRODUCTS_DIR}/leveldb-library/leveldb.framework",
				"${BUILT_PRODUCTS_DIR}/nanopb/nanopb.framework",
			);
			name = "[CP] Embed Pods Frameworks";
			outputPaths = (
				"${TARGET_BUILD_DIR}/${FRAMEWORKS_FOLDER_PATH}/AWSCore.framework",
				"${TARGET_BUILD_DIR}/${FRAMEWORKS_FOLDER_PATH}/AWSKinesis.framework",
				"${TARGET_BUILD_DIR}/${FRAMEWORKS_FOLDER_PATH}/Affdex.framework",
				"${TARGET_BUILD_DIR}/${FRAMEWORKS_FOLDER_PATH}/GTMSessionFetcher.framework",
				"${TARGET_BUILD_DIR}/${FRAMEWORKS_FOLDER_PATH}/GoogleUtilities.framework",
				"${TARGET_BUILD_DIR}/${FRAMEWORKS_FOLDER_PATH}/LSFloatingActionMenu.framework",
				"${TARGET_BUILD_DIR}/${FRAMEWORKS_FOLDER_PATH}/MGCollapsingHeader.framework",
				"${TARGET_BUILD_DIR}/${FRAMEWORKS_FOLDER_PATH}/MKDropdownMenu.framework",
				"${TARGET_BUILD_DIR}/${FRAMEWORKS_FOLDER_PATH}/Protobuf.framework",
				"${TARGET_BUILD_DIR}/${FRAMEWORKS_FOLDER_PATH}/SCLAlertView_Objective_C.framework",
				"${TARGET_BUILD_DIR}/${FRAMEWORKS_FOLDER_PATH}/Switch.framework",
				"${TARGET_BUILD_DIR}/${FRAMEWORKS_FOLDER_PATH}/TTRangeSlider.framework",
				"${TARGET_BUILD_DIR}/${FRAMEWORKS_FOLDER_PATH}/Unirest.framework",
				"${TARGET_BUILD_DIR}/${FRAMEWORKS_FOLDER_PATH}/leveldb.framework",
				"${TARGET_BUILD_DIR}/${FRAMEWORKS_FOLDER_PATH}/nanopb.framework",
			);
			runOnlyForDeploymentPostprocessing = 0;
			shellPath = /bin/sh;
			shellScript = "\"${SRCROOT}/Pods/Target Support Files/Pods-Korte/Pods-Korte-frameworks.sh\"\n";
			showEnvVarsInLog = 0;
		};
		F98689981D0F9ACB8713665B /* [CP] Copy Pods Resources */ = {
			isa = PBXShellScriptBuildPhase;
			buildActionMask = 2147483647;
			files = (
			);
			inputPaths = (
				"${SRCROOT}/Pods/Target Support Files/Pods-Korte/Pods-Korte-resources.sh",
				"${PODS_ROOT}/GoogleMaps/Maps/Frameworks/GoogleMaps.framework/Resources/GoogleMaps.bundle",
				"${PODS_ROOT}/GooglePlaces/Frameworks/GooglePlaces.framework/Resources/GooglePlaces.bundle",
			);
			name = "[CP] Copy Pods Resources";
			outputPaths = (
				"${TARGET_BUILD_DIR}/${UNLOCALIZED_RESOURCES_FOLDER_PATH}/GoogleMaps.bundle",
				"${TARGET_BUILD_DIR}/${UNLOCALIZED_RESOURCES_FOLDER_PATH}/GooglePlaces.bundle",
			);
			runOnlyForDeploymentPostprocessing = 0;
			shellPath = /bin/sh;
			shellScript = "\"${SRCROOT}/Pods/Target Support Files/Pods-Korte/Pods-Korte-resources.sh\"\n";
			showEnvVarsInLog = 0;
		};
/* End PBXShellScriptBuildPhase section */

/* Begin PBXSourcesBuildPhase section */
		CEB28720211388A900C51670 /* Sources */ = {
			isa = PBXSourcesBuildPhase;
			buildActionMask = 2147483647;
			files = (
				CE603A48211DA4C4006E95F3 /* MXCardsSwipingView.m in Sources */,
				CEAFBC9C21549115009BE456 /* FirebaseViewController.m in Sources */,
				CE4790912140D97B004DA76F /* MSCMoreOptionTableViewCell.m in Sources */,
				CEAFBCA321551344009BE456 /* Utilities.m in Sources */,
				CEB287652113F50E00C51670 /* SplashViewController.m in Sources */,
				CE3480C6214A35A1005F33FB /* PDKeychainBindings.m in Sources */,
				CEB28732211388A900C51670 /* simple.xcdatamodeld in Sources */,
				CEB6FC9121214488003A7E69 /* AddConnectViewController.m in Sources */,
				CE09C2312152648900DF5291 /* HTKDragAndDropCollectionViewLayout.m in Sources */,
				CEB28746211391FD00C51670 /* MXViewController.m in Sources */,
				CE09C21C215218B200DF5291 /* ProfileCollectionViewCell.m in Sources */,
				CE3D2BD0211C7C5F005DE85C /* AddingViewController.m in Sources */,
				CE4DF72E21243C1900C6E9F7 /* AddingFriendViewController.m in Sources */,
				CE7A350E2146F34D00973CB8 /* ChatController.m in Sources */,
				CE47909E21423328004DA76F /* DSCircularLayout.m in Sources */,
				CE6A2B70212C5BD400766A39 /* GettingForFriendSwipingViewController.m in Sources */,
				CEBA56BA214828320025C87A /* SBSliderView.m in Sources */,
				CE4DF74221246F7100C6E9F7 /* FriendConnectViewController.m in Sources */,
				CE4790A121424956004DA76F /* FriendCollectionViewCell.m in Sources */,
				CE1FC6DA212F28B50094C0E9 /* MeTableViewCell.m in Sources */,
				CE18E2B4212AE081004CACDB /* MatchesViewController.m in Sources */,
				CE1FC6D0212EF0820094C0E9 /* FriendsTableViewCell.m in Sources */,
				CE09C2302152648900DF5291 /* HTKDragAndDropCollectionViewController.m in Sources */,
				CE3480C7214A35A1005F33FB /* PDKeychainBindingsController.m in Sources */,
				CE1CCF55211AFFB800AD8701 /* BasicMenuController.m in Sources */,
				CE4DF72F21243C1900C6E9F7 /* OnCard.m in Sources */,
				CE7A350F2146F34D00973CB8 /* MessageModal.m in Sources */,
				CEB2873A211388BA00C51670 /* main.m in Sources */,
				CE7A351921470D9900973CB8 /* MatchProfileViewController.m in Sources */,
				CE3BCEF221169B6A00706FD1 /* ProfileViewController.m in Sources */,
				CE4DF73E21246DC200C6E9F7 /* LocationViewController.m in Sources */,
				CEB28729211388A900C51670 /* AppDelegate.m in Sources */,
				CE1FC6DC212F28B50094C0E9 /* GettingForMeSwipingViewController.m in Sources */,
				CE598E3F21380B6800306488 /* IDViewController.m in Sources */,
				CE09C2372152A4DA00DF5291 /* ProfileCollectionViewController.m in Sources */,
				CE09C2322152648900DF5291 /* HTKDraggableCollectionViewCell.m in Sources */,
				CE4DF74621247B8900C6E9F7 /* WireframeViewController.m in Sources */,
				CEC7CF342150B30300A8D221 /* MeQuestionViewController.m in Sources */,
				CEB287492113925A00C51670 /* MXMemberCardView.m in Sources */,
			);
			runOnlyForDeploymentPostprocessing = 0;
		};
/* End PBXSourcesBuildPhase section */

/* Begin PBXVariantGroup section */
		CEB2876D211432C700C51670 /* LaunchScreen.storyboard */ = {
			isa = PBXVariantGroup;
			children = (
				CEB2876E211432C700C51670 /* Base */,
			);
			name = LaunchScreen.storyboard;
			sourceTree = "<group>";
		};
/* End PBXVariantGroup section */

/* Begin XCBuildConfiguration section */
		CEB2873B211388BA00C51670 /* Debug */ = {
			isa = XCBuildConfiguration;
			buildSettings = {
				ALWAYS_SEARCH_USER_PATHS = NO;
				CLANG_ANALYZER_NONNULL = YES;
				CLANG_ANALYZER_NUMBER_OBJECT_CONVERSION = YES_AGGRESSIVE;
				CLANG_CXX_LANGUAGE_STANDARD = "gnu++14";
				CLANG_CXX_LIBRARY = "libc++";
				CLANG_ENABLE_MODULES = YES;
				CLANG_ENABLE_OBJC_ARC = YES;
				CLANG_ENABLE_OBJC_WEAK = YES;
				CLANG_WARN_BLOCK_CAPTURE_AUTORELEASING = YES;
				CLANG_WARN_BOOL_CONVERSION = YES;
				CLANG_WARN_COMMA = YES;
				CLANG_WARN_CONSTANT_CONVERSION = YES;
				CLANG_WARN_DEPRECATED_OBJC_IMPLEMENTATIONS = YES;
				CLANG_WARN_DIRECT_OBJC_ISA_USAGE = YES_ERROR;
				CLANG_WARN_DOCUMENTATION_COMMENTS = YES;
				CLANG_WARN_EMPTY_BODY = YES;
				CLANG_WARN_ENUM_CONVERSION = YES;
				CLANG_WARN_INFINITE_RECURSION = YES;
				CLANG_WARN_INT_CONVERSION = YES;
				CLANG_WARN_NON_LITERAL_NULL_CONVERSION = YES;
				CLANG_WARN_OBJC_IMPLICIT_RETAIN_SELF = YES;
				CLANG_WARN_OBJC_LITERAL_CONVERSION = YES;
				CLANG_WARN_OBJC_ROOT_CLASS = YES_ERROR;
				CLANG_WARN_RANGE_LOOP_ANALYSIS = YES;
				CLANG_WARN_STRICT_PROTOTYPES = YES;
				CLANG_WARN_SUSPICIOUS_MOVE = YES;
				CLANG_WARN_UNGUARDED_AVAILABILITY = YES_AGGRESSIVE;
				CLANG_WARN_UNREACHABLE_CODE = YES;
				CLANG_WARN__DUPLICATE_METHOD_MATCH = YES;
				CODE_SIGN_IDENTITY = "iPhone Developer";
				COPY_PHASE_STRIP = NO;
				DEBUG_INFORMATION_FORMAT = dwarf;
				ENABLE_STRICT_OBJC_MSGSEND = YES;
				ENABLE_TESTABILITY = YES;
				GCC_C_LANGUAGE_STANDARD = gnu11;
				GCC_DYNAMIC_NO_PIC = NO;
				GCC_NO_COMMON_BLOCKS = YES;
				GCC_OPTIMIZATION_LEVEL = 0;
				GCC_PREPROCESSOR_DEFINITIONS = (
					"DEBUG=1",
					"$(inherited)",
				);
				GCC_WARN_64_TO_32_BIT_CONVERSION = YES;
				GCC_WARN_ABOUT_RETURN_TYPE = YES_ERROR;
				GCC_WARN_UNDECLARED_SELECTOR = YES;
				GCC_WARN_UNINITIALIZED_AUTOS = YES_AGGRESSIVE;
				GCC_WARN_UNUSED_FUNCTION = YES;
				GCC_WARN_UNUSED_VARIABLE = YES;
				IPHONEOS_DEPLOYMENT_TARGET = 11.4;
				MTL_ENABLE_DEBUG_INFO = YES;
				ONLY_ACTIVE_ARCH = YES;
				SDKROOT = iphoneos;
			};
			name = Debug;
		};
		CEB2873C211388BA00C51670 /* Release */ = {
			isa = XCBuildConfiguration;
			buildSettings = {
				ALWAYS_SEARCH_USER_PATHS = NO;
				CLANG_ANALYZER_NONNULL = YES;
				CLANG_ANALYZER_NUMBER_OBJECT_CONVERSION = YES_AGGRESSIVE;
				CLANG_CXX_LANGUAGE_STANDARD = "gnu++14";
				CLANG_CXX_LIBRARY = "libc++";
				CLANG_ENABLE_MODULES = YES;
				CLANG_ENABLE_OBJC_ARC = YES;
				CLANG_ENABLE_OBJC_WEAK = YES;
				CLANG_WARN_BLOCK_CAPTURE_AUTORELEASING = YES;
				CLANG_WARN_BOOL_CONVERSION = YES;
				CLANG_WARN_COMMA = YES;
				CLANG_WARN_CONSTANT_CONVERSION = YES;
				CLANG_WARN_DEPRECATED_OBJC_IMPLEMENTATIONS = YES;
				CLANG_WARN_DIRECT_OBJC_ISA_USAGE = YES_ERROR;
				CLANG_WARN_DOCUMENTATION_COMMENTS = YES;
				CLANG_WARN_EMPTY_BODY = YES;
				CLANG_WARN_ENUM_CONVERSION = YES;
				CLANG_WARN_INFINITE_RECURSION = YES;
				CLANG_WARN_INT_CONVERSION = YES;
				CLANG_WARN_NON_LITERAL_NULL_CONVERSION = YES;
				CLANG_WARN_OBJC_IMPLICIT_RETAIN_SELF = YES;
				CLANG_WARN_OBJC_LITERAL_CONVERSION = YES;
				CLANG_WARN_OBJC_ROOT_CLASS = YES_ERROR;
				CLANG_WARN_RANGE_LOOP_ANALYSIS = YES;
				CLANG_WARN_STRICT_PROTOTYPES = YES;
				CLANG_WARN_SUSPICIOUS_MOVE = YES;
				CLANG_WARN_UNGUARDED_AVAILABILITY = YES_AGGRESSIVE;
				CLANG_WARN_UNREACHABLE_CODE = YES;
				CLANG_WARN__DUPLICATE_METHOD_MATCH = YES;
				CODE_SIGN_IDENTITY = "iPhone Developer";
				COPY_PHASE_STRIP = NO;
				DEBUG_INFORMATION_FORMAT = "dwarf-with-dsym";
				ENABLE_NS_ASSERTIONS = NO;
				ENABLE_STRICT_OBJC_MSGSEND = YES;
				GCC_C_LANGUAGE_STANDARD = gnu11;
				GCC_NO_COMMON_BLOCKS = YES;
				GCC_WARN_64_TO_32_BIT_CONVERSION = YES;
				GCC_WARN_ABOUT_RETURN_TYPE = YES_ERROR;
				GCC_WARN_UNDECLARED_SELECTOR = YES;
				GCC_WARN_UNINITIALIZED_AUTOS = YES_AGGRESSIVE;
				GCC_WARN_UNUSED_FUNCTION = YES;
				GCC_WARN_UNUSED_VARIABLE = YES;
				IPHONEOS_DEPLOYMENT_TARGET = 11.4;
				MTL_ENABLE_DEBUG_INFO = NO;
				SDKROOT = iphoneos;
				VALIDATE_PRODUCT = YES;
			};
			name = Release;
		};
		CEB2873E211388BA00C51670 /* Debug */ = {
			isa = XCBuildConfiguration;
			baseConfigurationReference = A84CCF3D273BAACCEC0F3DEE /* Pods-Korte.debug.xcconfig */;
			buildSettings = {
				ASSETCATALOG_COMPILER_APPICON_NAME = AppIcon;
				CLANG_ENABLE_MODULES = YES;
				CODE_SIGN_ENTITLEMENTS = Korte.entitlements;
				CODE_SIGN_STYLE = Manual;
				DEVELOPMENT_TEAM = JSHQJ848VX;
				FRAMEWORK_SEARCH_PATHS = (
					"$(inherited)",
					"$(PROJECT_DIR)/simple/Common/fbSDK",
				);
				INFOPLIST_FILE = simple/Info.plist;
				IPHONEOS_DEPLOYMENT_TARGET = 11.4;
				LD_RUNPATH_SEARCH_PATHS = (
					"$(inherited)",
					"@executable_path/Frameworks",
				);
				ONLY_ACTIVE_ARCH = YES;
				PRODUCT_BUNDLE_IDENTIFIER = com.reema.dating;
				PRODUCT_NAME = "$(TARGET_NAME)";
				PROVISIONING_PROFILE = "52d94660-5190-4b03-97a7-be51df60d6a9";
				PROVISIONING_PROFILE_SPECIFIER = ReemaDev;
				SWIFT_OBJC_BRIDGING_HEADER = "simple/Common/simple-Bridging-Header.h";
				SWIFT_OPTIMIZATION_LEVEL = "-Onone";
				SWIFT_VERSION = 3.0;
				TARGETED_DEVICE_FAMILY = "1,2";
			};
			name = Debug;
		};
		CEB2873F211388BA00C51670 /* Release */ = {
			isa = XCBuildConfiguration;
			baseConfigurationReference = 0ABF510862DA2D2117C0BAC0 /* Pods-Korte.release.xcconfig */;
			buildSettings = {
				ASSETCATALOG_COMPILER_APPICON_NAME = AppIcon;
				CLANG_ENABLE_MODULES = YES;
				CODE_SIGN_ENTITLEMENTS = Korte.entitlements;
				CODE_SIGN_STYLE = Manual;
				DEVELOPMENT_TEAM = JSHQJ848VX;
				FRAMEWORK_SEARCH_PATHS = (
					"$(inherited)",
					"$(PROJECT_DIR)/simple/Common/fbSDK",
				);
				INFOPLIST_FILE = simple/Info.plist;
				IPHONEOS_DEPLOYMENT_TARGET = 11.4;
				LD_RUNPATH_SEARCH_PATHS = (
					"$(inherited)",
					"@executable_path/Frameworks",
				);
				ONLY_ACTIVE_ARCH = YES;
				PRODUCT_BUNDLE_IDENTIFIER = com.reema.dating;
				PRODUCT_NAME = "$(TARGET_NAME)";
				PROVISIONING_PROFILE = "52d94660-5190-4b03-97a7-be51df60d6a9";
				PROVISIONING_PROFILE_SPECIFIER = ReemaDev;
				SWIFT_OBJC_BRIDGING_HEADER = "simple/Common/simple-Bridging-Header.h";
				SWIFT_VERSION = 3.0;
				TARGETED_DEVICE_FAMILY = "1,2";
			};
			name = Release;
		};
/* End XCBuildConfiguration section */

/* Begin XCConfigurationList section */
		CEB2871F211388A900C51670 /* Build configuration list for PBXProject "Korte" */ = {
			isa = XCConfigurationList;
			buildConfigurations = (
				CEB2873B211388BA00C51670 /* Debug */,
				CEB2873C211388BA00C51670 /* Release */,
			);
			defaultConfigurationIsVisible = 0;
			defaultConfigurationName = Release;
		};
		CEB2873D211388BA00C51670 /* Build configuration list for PBXNativeTarget "Korte" */ = {
			isa = XCConfigurationList;
			buildConfigurations = (
				CEB2873E211388BA00C51670 /* Debug */,
				CEB2873F211388BA00C51670 /* Release */,
			);
			defaultConfigurationIsVisible = 0;
			defaultConfigurationName = Release;
		};
/* End XCConfigurationList section */

/* Begin XCVersionGroup section */
		CEB28730211388A900C51670 /* simple.xcdatamodeld */ = {
			isa = XCVersionGroup;
			children = (
				CEB28731211388A900C51670 /* simple.xcdatamodel */,
			);
			currentVersion = CEB28731211388A900C51670 /* simple.xcdatamodel */;
			path = simple.xcdatamodeld;
			sourceTree = "<group>";
			versionGroupType = wrapper.xcdatamodel;
		};
/* End XCVersionGroup section */
	};
	rootObject = CEB2871C211388A900C51670 /* Project object */;
}
